// !$*UTF8*$!
{
	archiveVersion = 1;
	classes = {
	};
	objectVersion = 46;
	objects = {

/* Begin PBXBuildFile section */
		69D5087918B5FED1005194AA /* Foundation.framework in Frameworks */ = {isa = PBXBuildFile; fileRef = 69D5087818B5FED1005194AA /* Foundation.framework */; };
		69D5087B18B5FED1005194AA /* CoreGraphics.framework in Frameworks */ = {isa = PBXBuildFile; fileRef = 69D5087A18B5FED1005194AA /* CoreGraphics.framework */; };
		69D5087D18B5FED1005194AA /* UIKit.framework in Frameworks */ = {isa = PBXBuildFile; fileRef = 69D5087C18B5FED1005194AA /* UIKit.framework */; };
		69D5088318B5FED1005194AA /* InfoPlist.strings in Resources */ = {isa = PBXBuildFile; fileRef = 69D5088118B5FED1005194AA /* InfoPlist.strings */; };
		69D5088518B5FED1005194AA /* main.m in Sources */ = {isa = PBXBuildFile; fileRef = 69D5088418B5FED1005194AA /* main.m */; };
		69D5088918B5FED1005194AA /* AppDelegate.m in Sources */ = {isa = PBXBuildFile; fileRef = 69D5088818B5FED1005194AA /* AppDelegate.m */; };
		69D5088C18B5FED1005194AA /* Main.storyboard in Resources */ = {isa = PBXBuildFile; fileRef = 69D5088A18B5FED1005194AA /* Main.storyboard */; };
		69D5088F18B5FED1005194AA /* ViewController.m in Sources */ = {isa = PBXBuildFile; fileRef = 69D5088E18B5FED1005194AA /* ViewController.m */; };
		69D5089118B5FED1005194AA /* Images.xcassets in Resources */ = {isa = PBXBuildFile; fileRef = 69D5089018B5FED1005194AA /* Images.xcassets */; };
		69D5089818B5FED1005194AA /* XCTest.framework in Frameworks */ = {isa = PBXBuildFile; fileRef = 69D5089718B5FED1005194AA /* XCTest.framework */; };
		69D5089918B5FED1005194AA /* Foundation.framework in Frameworks */ = {isa = PBXBuildFile; fileRef = 69D5087818B5FED1005194AA /* Foundation.framework */; };
		69D5089A18B5FED1005194AA /* UIKit.framework in Frameworks */ = {isa = PBXBuildFile; fileRef = 69D5087C18B5FED1005194AA /* UIKit.framework */; };
		69D508A218B5FED1005194AA /* InfoPlist.strings in Resources */ = {isa = PBXBuildFile; fileRef = 69D508A018B5FED1005194AA /* InfoPlist.strings */; };
		69D508A418B5FED1005194AA /* AtributosTests.m in Sources */ = {isa = PBXBuildFile; fileRef = 69D508A318B5FED1005194AA /* AtributosTests.m */; };
/* End PBXBuildFile section */

/* Begin PBXContainerItemProxy section */
		69D5089B18B5FED1005194AA /* PBXContainerItemProxy */ = {
			isa = PBXContainerItemProxy;
			containerPortal = 69D5086D18B5FED1005194AA /* Project object */;
			proxyType = 1;
			remoteGlobalIDString = 69D5087418B5FED1005194AA;
			remoteInfo = Atributos;
		};
/* End PBXContainerItemProxy section */

/* Begin PBXFileReference section */
		69D5087518B5FED1005194AA /* Atributos.app */ = {isa = PBXFileReference; explicitFileType = wrapper.application; includeInIndex = 0; path = Atributos.app; sourceTree = BUILT_PRODUCTS_DIR; };
		69D5087818B5FED1005194AA /* Foundation.framework */ = {isa = PBXFileReference; lastKnownFileType = wrapper.framework; name = Foundation.framework; path = System/Library/Frameworks/Foundation.framework; sourceTree = SDKROOT; };
		69D5087A18B5FED1005194AA /* CoreGraphics.framework */ = {isa = PBXFileReference; lastKnownFileType = wrapper.framework; name = CoreGraphics.framework; path = System/Library/Frameworks/CoreGraphics.framework; sourceTree = SDKROOT; };
		69D5087C18B5FED1005194AA /* UIKit.framework */ = {isa = PBXFileReference; lastKnownFileType = wrapper.framework; name = UIKit.framework; path = System/Library/Frameworks/UIKit.framework; sourceTree = SDKROOT; };
		69D5088018B5FED1005194AA /* Atributos-Info.plist */ = {isa = PBXFileReference; lastKnownFileType = text.plist.xml; path = "Atributos-Info.plist"; sourceTree = "<group>"; };
		69D5088218B5FED1005194AA /* en */ = {isa = PBXFileReference; lastKnownFileType = text.plist.strings; name = en; path = en.lproj/InfoPlist.strings; sourceTree = "<group>"; };
		69D5088418B5FED1005194AA /* main.m */ = {isa = PBXFileReference; lastKnownFileType = sourcecode.c.objc; path = main.m; sourceTree = "<group>"; };
		69D5088618B5FED1005194AA /* Atributos-Prefix.pch */ = {isa = PBXFileReference; lastKnownFileType = sourcecode.c.h; path = "Atributos-Prefix.pch"; sourceTree = "<group>"; };
		69D5088718B5FED1005194AA /* AppDelegate.h */ = {isa = PBXFileReference; lastKnownFileType = sourcecode.c.h; path = AppDelegate.h; sourceTree = "<group>"; };
		69D5088818B5FED1005194AA /* AppDelegate.m */ = {isa = PBXFileReference; lastKnownFileType = sourcecode.c.objc; path = AppDelegate.m; sourceTree = "<group>"; };
		69D5088B18B5FED1005194AA /* Base */ = {isa = PBXFileReference; lastKnownFileType = file.storyboard; name = Base; path = Base.lproj/Main.storyboard; sourceTree = "<group>"; };
		69D5088D18B5FED1005194AA /* ViewController.h */ = {isa = PBXFileReference; lastKnownFileType = sourcecode.c.h; path = ViewController.h; sourceTree = "<group>"; };
		69D5088E18B5FED1005194AA /* ViewController.m */ = {isa = PBXFileReference; lastKnownFileType = sourcecode.c.objc; path = ViewController.m; sourceTree = "<group>"; };
		69D5089018B5FED1005194AA /* Images.xcassets */ = {isa = PBXFileReference; lastKnownFileType = folder.assetcatalog; path = Images.xcassets; sourceTree = "<group>"; };
		69D5089618B5FED1005194AA /* AtributosTests.xctest */ = {isa = PBXFileReference; explicitFileType = wrapper.cfbundle; includeInIndex = 0; path = AtributosTests.xctest; sourceTree = BUILT_PRODUCTS_DIR; };
		69D5089718B5FED1005194AA /* XCTest.framework */ = {isa = PBXFileReference; lastKnownFileType = wrapper.framework; name = XCTest.framework; path = Library/Frameworks/XCTest.framework; sourceTree = DEVELOPER_DIR; };
		69D5089F18B5FED1005194AA /* AtributosTests-Info.plist */ = {isa = PBXFileReference; lastKnownFileType = text.plist.xml; path = "AtributosTests-Info.plist"; sourceTree = "<group>"; };
		69D508A118B5FED1005194AA /* en */ = {isa = PBXFileReference; lastKnownFileType = text.plist.strings; name = en; path = en.lproj/InfoPlist.strings; sourceTree = "<group>"; };
		69D508A318B5FED1005194AA /* AtributosTests.m */ = {isa = PBXFileReference; lastKnownFileType = sourcecode.c.objc; path = AtributosTests.m; sourceTree = "<group>"; };
/* End PBXFileReference section */

/* Begin PBXFrameworksBuildPhase section */
		69D5087218B5FED1005194AA /* Frameworks */ = {
			isa = PBXFrameworksBuildPhase;
			buildActionMask = 2147483647;
			files = (
				69D5087B18B5FED1005194AA /* CoreGraphics.framework in Frameworks */,
				69D5087D18B5FED1005194AA /* UIKit.framework in Frameworks */,
				69D5087918B5FED1005194AA /* Foundation.framework in Frameworks */,
			);
			runOnlyForDeploymentPostprocessing = 0;
		};
		69D5089318B5FED1005194AA /* Frameworks */ = {
			isa = PBXFrameworksBuildPhase;
			buildActionMask = 2147483647;
			files = (
				69D5089818B5FED1005194AA /* XCTest.framework in Frameworks */,
				69D5089A18B5FED1005194AA /* UIKit.framework in Frameworks */,
				69D5089918B5FED1005194AA /* Foundation.framework in Frameworks */,
			);
			runOnlyForDeploymentPostprocessing = 0;
		};
/* End PBXFrameworksBuildPhase section */

/* Begin PBXGroup section */
		69D5086C18B5FED1005194AA = {
			isa = PBXGroup;
			children = (
				69D5087E18B5FED1005194AA /* Atributos */,
				69D5089D18B5FED1005194AA /* AtributosTests */,
				69D5087718B5FED1005194AA /* Frameworks */,
				69D5087618B5FED1005194AA /* Products */,
			);
			sourceTree = "<group>";
		};
		69D5087618B5FED1005194AA /* Products */ = {
			isa = PBXGroup;
			children = (
				69D5087518B5FED1005194AA /* Atributos.app */,
				69D5089618B5FED1005194AA /* AtributosTests.xctest */,
			);
			name = Products;
			sourceTree = "<group>";
		};
		69D5087718B5FED1005194AA /* Frameworks */ = {
			isa = PBXGroup;
			children = (
				69D5087818B5FED1005194AA /* Foundation.framework */,
				69D5087A18B5FED1005194AA /* CoreGraphics.framework */,
				69D5087C18B5FED1005194AA /* UIKit.framework */,
				69D5089718B5FED1005194AA /* XCTest.framework */,
			);
			name = Frameworks;
			sourceTree = "<group>";
		};
		69D5087E18B5FED1005194AA /* Atributos */ = {
			isa = PBXGroup;
			children = (
				69D5088A18B5FED1005194AA /* Main.storyboard */,
				69D5088D18B5FED1005194AA /* ViewController.h */,
				69D5088E18B5FED1005194AA /* ViewController.m */,
				69D5089018B5FED1005194AA /* Images.xcassets */,
				69D5087F18B5FED1005194AA /* Supporting Files */,
			);
			path = Atributos;
			sourceTree = "<group>";
		};
		69D5087F18B5FED1005194AA /* Supporting Files */ = {
			isa = PBXGroup;
			children = (
				69D5088718B5FED1005194AA /* AppDelegate.h */,
				69D5088818B5FED1005194AA /* AppDelegate.m */,
				69D5088018B5FED1005194AA /* Atributos-Info.plist */,
				69D5088118B5FED1005194AA /* InfoPlist.strings */,
				69D5088418B5FED1005194AA /* main.m */,
				69D5088618B5FED1005194AA /* Atributos-Prefix.pch */,
			);
			name = "Supporting Files";
			sourceTree = "<group>";
		};
		69D5089D18B5FED1005194AA /* AtributosTests */ = {
			isa = PBXGroup;
			children = (
				69D508A318B5FED1005194AA /* AtributosTests.m */,
				69D5089E18B5FED1005194AA /* Supporting Files */,
			);
			path = AtributosTests;
			sourceTree = "<group>";
		};
		69D5089E18B5FED1005194AA /* Supporting Files */ = {
			isa = PBXGroup;
			children = (
				69D5089F18B5FED1005194AA /* AtributosTests-Info.plist */,
				69D508A018B5FED1005194AA /* InfoPlist.strings */,
			);
			name = "Supporting Files";
			sourceTree = "<group>";
		};
/* End PBXGroup section */

/* Begin PBXNativeTarget section */
		69D5087418B5FED1005194AA /* Atributos */ = {
			isa = PBXNativeTarget;
			buildConfigurationList = 69D508A718B5FED1005194AA /* Build configuration list for PBXNativeTarget "Atributos" */;
			buildPhases = (
				69D5087118B5FED1005194AA /* Sources */,
				69D5087218B5FED1005194AA /* Frameworks */,
				69D5087318B5FED1005194AA /* Resources */,
			);
			buildRules = (
			);
			dependencies = (
			);
			name = Atributos;
			productName = Atributos;
			productReference = 69D5087518B5FED1005194AA /* Atributos.app */;
			productType = "com.apple.product-type.application";
		};
		69D5089518B5FED1005194AA /* AtributosTests */ = {
			isa = PBXNativeTarget;
			buildConfigurationList = 69D508AA18B5FED1005194AA /* Build configuration list for PBXNativeTarget "AtributosTests" */;
			buildPhases = (
				69D5089218B5FED1005194AA /* Sources */,
				69D5089318B5FED1005194AA /* Frameworks */,
				69D5089418B5FED1005194AA /* Resources */,
			);
			buildRules = (
			);
			dependencies = (
				69D5089C18B5FED1005194AA /* PBXTargetDependency */,
			);
			name = AtributosTests;
			productName = AtributosTests;
			productReference = 69D5089618B5FED1005194AA /* AtributosTests.xctest */;
			productType = "com.apple.product-type.bundle.unit-test";
		};
/* End PBXNativeTarget section */

/* Begin PBXProject section */
		69D5086D18B5FED1005194AA /* Project object */ = {
			isa = PBXProject;
			attributes = {
				LastUpgradeCheck = 0500;
				ORGANIZATIONNAME = javi;
				TargetAttributes = {
					69D5089518B5FED1005194AA = {
						TestTargetID = 69D5087418B5FED1005194AA;
					};
				};
			};
			buildConfigurationList = 69D5087018B5FED1005194AA /* Build configuration list for PBXProject "Atributos" */;
			compatibilityVersion = "Xcode 3.2";
			developmentRegion = English;
			hasScannedForEncodings = 0;
			knownRegions = (
				en,
				Base,
			);
			mainGroup = 69D5086C18B5FED1005194AA;
			productRefGroup = 69D5087618B5FED1005194AA /* Products */;
			projectDirPath = "";
			projectRoot = "";
			targets = (
				69D5087418B5FED1005194AA /* Atributos */,
				69D5089518B5FED1005194AA /* AtributosTests */,
			);
		};
/* End PBXProject section */

/* Begin PBXResourcesBuildPhase section */
		69D5087318B5FED1005194AA /* Resources */ = {
			isa = PBXResourcesBuildPhase;
			buildActionMask = 2147483647;
			files = (
				69D5089118B5FED1005194AA /* Images.xcassets in Resources */,
				69D5088318B5FED1005194AA /* InfoPlist.strings in Resources */,
				69D5088C18B5FED1005194AA /* Main.storyboard in Resources */,
			);
			runOnlyForDeploymentPostprocessing = 0;
		};
		69D5089418B5FED1005194AA /* Resources */ = {
			isa = PBXResourcesBuildPhase;
			buildActionMask = 2147483647;
			files = (
				69D508A218B5FED1005194AA /* InfoPlist.strings in Resources */,
			);
			runOnlyForDeploymentPostprocessing = 0;
		};
/* End PBXResourcesBuildPhase section */

/* Begin PBXSourcesBuildPhase section */
		69D5087118B5FED1005194AA /* Sources */ = {
			isa = PBXSourcesBuildPhase;
			buildActionMask = 2147483647;
			files = (
				69D5088F18B5FED1005194AA /* ViewController.m in Sources */,
				69D5088918B5FED1005194AA /* AppDelegate.m in Sources */,
				69D5088518B5FED1005194AA /* main.m in Sources */,
			);
			runOnlyForDeploymentPostprocessing = 0;
		};
		69D5089218B5FED1005194AA /* Sources */ = {
			isa = PBXSourcesBuildPhase;
			buildActionMask = 2147483647;
			files = (
				69D508A418B5FED1005194AA /* AtributosTests.m in Sources */,
			);
			runOnlyForDeploymentPostprocessing = 0;
		};
/* End PBXSourcesBuildPhase section */

/* Begin PBXTargetDependency section */
		69D5089C18B5FED1005194AA /* PBXTargetDependency */ = {
			isa = PBXTargetDependency;
			target = 69D5087418B5FED1005194AA /* Atributos */;
			targetProxy = 69D5089B18B5FED1005194AA /* PBXContainerItemProxy */;
		};
/* End PBXTargetDependency section */

/* Begin PBXVariantGroup section */
		69D5088118B5FED1005194AA /* InfoPlist.strings */ = {
			isa = PBXVariantGroup;
			children = (
				69D5088218B5FED1005194AA /* en */,
			);
			name = InfoPlist.strings;
			sourceTree = "<group>";
		};
		69D5088A18B5FED1005194AA /* Main.storyboard */ = {
			isa = PBXVariantGroup;
			children = (
				69D5088B18B5FED1005194AA /* Base */,
			);
			name = Main.storyboard;
			sourceTree = "<group>";
		};
		69D508A018B5FED1005194AA /* InfoPlist.strings */ = {
			isa = PBXVariantGroup;
			children = (
				69D508A118B5FED1005194AA /* en */,
			);
			name = InfoPlist.strings;
			sourceTree = "<group>";
		};
/* End PBXVariantGroup section */

/* Begin XCBuildConfiguration section */
		69D508A518B5FED1005194AA /* Debug */ = {
			isa = XCBuildConfiguration;
			buildSettings = {
				ALWAYS_SEARCH_USER_PATHS = NO;
				ARCHS = "$(ARCHS_STANDARD_INCLUDING_64_BIT)";
				CLANG_CXX_LANGUAGE_STANDARD = "gnu++0x";
				CLANG_CXX_LIBRARY = "libc++";
				CLANG_ENABLE_MODULES = YES;
				CLANG_ENABLE_OBJC_ARC = YES;
				CLANG_WARN_BOOL_CONVERSION = YES;
				CLANG_WARN_CONSTANT_CONVERSION = YES;
				CLANG_WARN_DIRECT_OBJC_ISA_USAGE = YES_ERROR;
				CLANG_WARN_EMPTY_BODY = YES;
				CLANG_WARN_ENUM_CONVERSION = YES;
				CLANG_WARN_INT_CONVERSION = YES;
				CLANG_WARN_OBJC_ROOT_CLASS = YES_ERROR;
				CLANG_WARN__DUPLICATE_METHOD_MATCH = YES;
				"CODE_SIGN_IDENTITY[sdk=iphoneos*]" = "iPhone Developer";
				COPY_PHASE_STRIP = NO;
				GCC_C_LANGUAGE_STANDARD = gnu99;
				GCC_DYNAMIC_NO_PIC = NO;
				GCC_OPTIMIZATION_LEVEL = 0;
				GCC_PREPROCESSOR_DEFINITIONS = (
					"DEBUG=1",
					"$(inherited)",
				);
				GCC_SYMBOLS_PRIVATE_EXTERN = NO;
				GCC_WARN_64_TO_32_BIT_CONVERSION = YES;
				GCC_WARN_ABOUT_RETURN_TYPE = YES_ERROR;
				GCC_WARN_UNDECLARED_SELECTOR = YES;
				GCC_WARN_UNINITIALIZED_AUTOS = YES;
				GCC_WARN_UNUSED_FUNCTION = YES;
				GCC_WARN_UNUSED_VARIABLE = YES;
				IPHONEOS_DEPLOYMENT_TARGET = 7.0;
				ONLY_ACTIVE_ARCH = YES;
				SDKROOT = iphoneos;
			};
			name = Debug;
		};
		69D508A618B5FED1005194AA /* Release */ = {
			isa = XCBuildConfiguration;
			buildSettings = {
				ALWAYS_SEARCH_USER_PATHS = NO;
				ARCHS = "$(ARCHS_STANDARD_INCLUDING_64_BIT)";
				CLANG_CXX_LANGUAGE_STANDARD = "gnu++0x";
				CLANG_CXX_LIBRARY = "libc++";
				CLANG_ENABLE_MODULES = YES;
				CLANG_ENABLE_OBJC_ARC = YES;
				CLANG_WARN_BOOL_CONVERSION = YES;
				CLANG_WARN_CONSTANT_CONVERSION = YES;
				CLANG_WARN_DIRECT_OBJC_ISA_USAGE = YES_ERROR;
				CLANG_WARN_EMPTY_BODY = YES;
				CLANG_WARN_ENUM_CONVERSION = YES;
				CLANG_WARN_INT_CONVERSION = YES;
				CLANG_WARN_OBJC_ROOT_CLASS = YES_ERROR;
				CLANG_WARN__DUPLICATE_METHOD_MATCH = YES;
				"CODE_SIGN_IDENTITY[sdk=iphoneos*]" = "iPhone Developer";
				COPY_PHASE_STRIP = YES;
				ENABLE_NS_ASSERTIONS = NO;
				GCC_C_LANGUAGE_STANDARD = gnu99;
				GCC_WARN_64_TO_32_BIT_CONVERSION = YES;
				GCC_WARN_ABOUT_RETURN_TYPE = YES_ERROR;
				GCC_WARN_UNDECLARED_SELECTOR = YES;
				GCC_WARN_UNINITIALIZED_AUTOS = YES;
				GCC_WARN_UNUSED_FUNCTION = YES;
				GCC_WARN_UNUSED_VARIABLE = YES;
				IPHONEOS_DEPLOYMENT_TARGET = 7.0;
				SDKROOT = iphoneos;
				VALIDATE_PRODUCT = YES;
			};
			name = Release;
		};
		69D508A818B5FED1005194AA /* Debug */ = {
			isa = XCBuildConfiguration;
			buildSettings = {
				ASSETCATALOG_COMPILER_APPICON_NAME = AppIcon;
				ASSETCATALOG_COMPILER_LAUNCHIMAGE_NAME = LaunchImage;
				GCC_PRECOMPILE_PREFIX_HEADER = YES;
				GCC_PREFIX_HEADER = "Atributos/Atributos-Prefix.pch";
				INFOPLIST_FILE = "Atributos/Atributos-Info.plist";
				PRODUCT_NAME = "$(TARGET_NAME)";
				WRAPPER_EXTENSION = app;
			};
			name = Debug;
		};
		69D508A918B5FED1005194AA /* Release */ = {
			isa = XCBuildConfiguration;
			buildSettings = {
				ASSETCATALOG_COMPILER_APPICON_NAME = AppIcon;
				ASSETCATALOG_COMPILER_LAUNCHIMAGE_NAME = LaunchImage;
				GCC_PRECOMPILE_PREFIX_HEADER = YES;
				GCC_PREFIX_HEADER = "Atributos/Atributos-Prefix.pch";
				INFOPLIST_FILE = "Atributos/Atributos-Info.plist";
				PRODUCT_NAME = "$(TARGET_NAME)";
				WRAPPER_EXTENSION = app;
			};
			name = Release;
		};
		69D508AB18B5FED1005194AA /* Debug */ = {
			isa = XCBuildConfiguration;
			buildSettings = {
				ARCHS = "$(ARCHS_STANDARD_INCLUDING_64_BIT)";
				BUNDLE_LOADER = "$(BUILT_PRODUCTS_DIR)/Atributos.app/Atributos";
				FRAMEWORK_SEARCH_PATHS = (
					"$(SDKROOT)/Developer/Library/Frameworks",
					"$(inherited)",
					"$(DEVELOPER_FRAMEWORKS_DIR)",
				);
				GCC_PRECOMPILE_PREFIX_HEADER = YES;
				GCC_PREFIX_HEADER = "Atributos/Atributos-Prefix.pch";
				GCC_PREPROCESSOR_DEFINITIONS = (
					"DEBUG=1",
					"$(inherited)",
				);
				INFOPLIST_FILE = "AtributosTests/AtributosTests-Info.plist";
				PRODUCT_NAME = "$(TARGET_NAME)";
				TEST_HOST = "$(BUNDLE_LOADER)";
				WRAPPER_EXTENSION = xctest;
			};
			name = Debug;
		};
		69D508AC18B5FED1005194AA /* Release */ = {
			isa = XCBuildConfiguration;
			buildSettings = {
				ARCHS = "$(ARCHS_STANDARD_INCLUDING_64_BIT)";
				BUNDLE_LOADER = "$(BUILT_PRODUCTS_DIR)/Atributos.app/Atributos";
				FRAMEWORK_SEARCH_PATHS = (
					"$(SDKROOT)/Developer/Library/Frameworks",
					"$(inherited)",
					"$(DEVELOPER_FRAMEWORKS_DIR)",
				);
				GCC_PRECOMPILE_PREFIX_HEADER = YES;
				GCC_PREFIX_HEADER = "Atributos/Atributos-Prefix.pch";
				INFOPLIST_FILE = "AtributosTests/AtributosTests-Info.plist";
				PRODUCT_NAME = "$(TARGET_NAME)";
				TEST_HOST = "$(BUNDLE_LOADER)";
				WRAPPER_EXTENSION = xctest;
			};
			name = Release;
		};
/* End XCBuildConfiguration section */

/* Begin XCConfigurationList section */
		69D5087018B5FED1005194AA /* Build configuration list for PBXProject "Atributos" */ = {
			isa = XCConfigurationList;
			buildConfigurations = (
				69D508A518B5FED1005194AA /* Debug */,
				69D508A618B5FED1005194AA /* Release */,
			);
			defaultConfigurationIsVisible = 0;
			defaultConfigurationName = Release;
		};
		69D508A718B5FED1005194AA /* Build configuration list for PBXNativeTarget "Atributos" */ = {
			isa = XCConfigurationList;
			buildConfigurations = (
				69D508A818B5FED1005194AA /* Debug */,
				69D508A918B5FED1005194AA /* Release */,
			);
			defaultConfigurationIsVisible = 0;
		};
		69D508AA18B5FED1005194AA /* Build configuration list for PBXNativeTarget "AtributosTests" */ = {
			isa = XCConfigurationList;
			buildConfigurations = (
				69D508AB18B5FED1005194AA /* Debug */,
				69D508AC18B5FED1005194AA /* Release */,
			);
			defaultConfigurationIsVisible = 0;
		};
/* End XCConfigurationList section */
	};
	rootObject = 69D5086D18B5FED1005194AA /* Project object */;
}
