// !$*UTF8*$!
{
	archiveVersion = 1;
	classes = {
	};
	objectVersion = 46;
	objects = {

/* Begin PBXBuildFile section */
		69CF5C2918B49B3B0092C06D /* Foundation.framework in Frameworks */ = {isa = PBXBuildFile; fileRef = 69CF5C2818B49B3B0092C06D /* Foundation.framework */; };
		69CF5C2B18B49B3B0092C06D /* CoreGraphics.framework in Frameworks */ = {isa = PBXBuildFile; fileRef = 69CF5C2A18B49B3B0092C06D /* CoreGraphics.framework */; };
		69CF5C2D18B49B3B0092C06D /* UIKit.framework in Frameworks */ = {isa = PBXBuildFile; fileRef = 69CF5C2C18B49B3B0092C06D /* UIKit.framework */; };
		69CF5C3318B49B3B0092C06D /* InfoPlist.strings in Resources */ = {isa = PBXBuildFile; fileRef = 69CF5C3118B49B3B0092C06D /* InfoPlist.strings */; };
		69CF5C3518B49B3B0092C06D /* main.m in Sources */ = {isa = PBXBuildFile; fileRef = 69CF5C3418B49B3B0092C06D /* main.m */; };
		69CF5C3918B49B3B0092C06D /* AppDelegate.m in Sources */ = {isa = PBXBuildFile; fileRef = 69CF5C3818B49B3B0092C06D /* AppDelegate.m */; };
		69CF5C3C18B49B3B0092C06D /* Main.storyboard in Resources */ = {isa = PBXBuildFile; fileRef = 69CF5C3A18B49B3B0092C06D /* Main.storyboard */; };
		69CF5C3F18B49B3B0092C06D /* ViewController.m in Sources */ = {isa = PBXBuildFile; fileRef = 69CF5C3E18B49B3B0092C06D /* ViewController.m */; };
		69CF5C4118B49B3B0092C06D /* Images.xcassets in Resources */ = {isa = PBXBuildFile; fileRef = 69CF5C4018B49B3B0092C06D /* Images.xcassets */; };
		69CF5C4818B49B3B0092C06D /* XCTest.framework in Frameworks */ = {isa = PBXBuildFile; fileRef = 69CF5C4718B49B3B0092C06D /* XCTest.framework */; };
		69CF5C4918B49B3B0092C06D /* Foundation.framework in Frameworks */ = {isa = PBXBuildFile; fileRef = 69CF5C2818B49B3B0092C06D /* Foundation.framework */; };
		69CF5C4A18B49B3B0092C06D /* UIKit.framework in Frameworks */ = {isa = PBXBuildFile; fileRef = 69CF5C2C18B49B3B0092C06D /* UIKit.framework */; };
		69CF5C5218B49B3B0092C06D /* InfoPlist.strings in Resources */ = {isa = PBXBuildFile; fileRef = 69CF5C5018B49B3B0092C06D /* InfoPlist.strings */; };
		69CF5C5418B49B3B0092C06D /* SintaxisSimpleTests.m in Sources */ = {isa = PBXBuildFile; fileRef = 69CF5C5318B49B3B0092C06D /* SintaxisSimpleTests.m */; };
/* End PBXBuildFile section */

/* Begin PBXContainerItemProxy section */
		69CF5C4B18B49B3B0092C06D /* PBXContainerItemProxy */ = {
			isa = PBXContainerItemProxy;
			containerPortal = 69CF5C1D18B49B3B0092C06D /* Project object */;
			proxyType = 1;
			remoteGlobalIDString = 69CF5C2418B49B3B0092C06D;
			remoteInfo = SintaxisSimple;
		};
/* End PBXContainerItemProxy section */

/* Begin PBXFileReference section */
		69CF5C2518B49B3B0092C06D /* SintaxisSimple.app */ = {isa = PBXFileReference; explicitFileType = wrapper.application; includeInIndex = 0; path = SintaxisSimple.app; sourceTree = BUILT_PRODUCTS_DIR; };
		69CF5C2818B49B3B0092C06D /* Foundation.framework */ = {isa = PBXFileReference; lastKnownFileType = wrapper.framework; name = Foundation.framework; path = System/Library/Frameworks/Foundation.framework; sourceTree = SDKROOT; };
		69CF5C2A18B49B3B0092C06D /* CoreGraphics.framework */ = {isa = PBXFileReference; lastKnownFileType = wrapper.framework; name = CoreGraphics.framework; path = System/Library/Frameworks/CoreGraphics.framework; sourceTree = SDKROOT; };
		69CF5C2C18B49B3B0092C06D /* UIKit.framework */ = {isa = PBXFileReference; lastKnownFileType = wrapper.framework; name = UIKit.framework; path = System/Library/Frameworks/UIKit.framework; sourceTree = SDKROOT; };
		69CF5C3018B49B3B0092C06D /* SintaxisSimple-Info.plist */ = {isa = PBXFileReference; lastKnownFileType = text.plist.xml; path = "SintaxisSimple-Info.plist"; sourceTree = "<group>"; };
		69CF5C3218B49B3B0092C06D /* en */ = {isa = PBXFileReference; lastKnownFileType = text.plist.strings; name = en; path = en.lproj/InfoPlist.strings; sourceTree = "<group>"; };
		69CF5C3418B49B3B0092C06D /* main.m */ = {isa = PBXFileReference; lastKnownFileType = sourcecode.c.objc; path = main.m; sourceTree = "<group>"; };
		69CF5C3618B49B3B0092C06D /* SintaxisSimple-Prefix.pch */ = {isa = PBXFileReference; lastKnownFileType = sourcecode.c.h; path = "SintaxisSimple-Prefix.pch"; sourceTree = "<group>"; };
		69CF5C3718B49B3B0092C06D /* AppDelegate.h */ = {isa = PBXFileReference; lastKnownFileType = sourcecode.c.h; path = AppDelegate.h; sourceTree = "<group>"; };
		69CF5C3818B49B3B0092C06D /* AppDelegate.m */ = {isa = PBXFileReference; lastKnownFileType = sourcecode.c.objc; path = AppDelegate.m; sourceTree = "<group>"; };
		69CF5C3B18B49B3B0092C06D /* Base */ = {isa = PBXFileReference; lastKnownFileType = file.storyboard; name = Base; path = Base.lproj/Main.storyboard; sourceTree = "<group>"; };
		69CF5C3D18B49B3B0092C06D /* ViewController.h */ = {isa = PBXFileReference; lastKnownFileType = sourcecode.c.h; path = ViewController.h; sourceTree = "<group>"; };
		69CF5C3E18B49B3B0092C06D /* ViewController.m */ = {isa = PBXFileReference; lastKnownFileType = sourcecode.c.objc; path = ViewController.m; sourceTree = "<group>"; };
		69CF5C4018B49B3B0092C06D /* Images.xcassets */ = {isa = PBXFileReference; lastKnownFileType = folder.assetcatalog; path = Images.xcassets; sourceTree = "<group>"; };
		69CF5C4618B49B3B0092C06D /* SintaxisSimpleTests.xctest */ = {isa = PBXFileReference; explicitFileType = wrapper.cfbundle; includeInIndex = 0; path = SintaxisSimpleTests.xctest; sourceTree = BUILT_PRODUCTS_DIR; };
		69CF5C4718B49B3B0092C06D /* XCTest.framework */ = {isa = PBXFileReference; lastKnownFileType = wrapper.framework; name = XCTest.framework; path = Library/Frameworks/XCTest.framework; sourceTree = DEVELOPER_DIR; };
		69CF5C4F18B49B3B0092C06D /* SintaxisSimpleTests-Info.plist */ = {isa = PBXFileReference; lastKnownFileType = text.plist.xml; path = "SintaxisSimpleTests-Info.plist"; sourceTree = "<group>"; };
		69CF5C5118B49B3B0092C06D /* en */ = {isa = PBXFileReference; lastKnownFileType = text.plist.strings; name = en; path = en.lproj/InfoPlist.strings; sourceTree = "<group>"; };
		69CF5C5318B49B3B0092C06D /* SintaxisSimpleTests.m */ = {isa = PBXFileReference; lastKnownFileType = sourcecode.c.objc; path = SintaxisSimpleTests.m; sourceTree = "<group>"; };
/* End PBXFileReference section */

/* Begin PBXFrameworksBuildPhase section */
		69CF5C2218B49B3B0092C06D /* Frameworks */ = {
			isa = PBXFrameworksBuildPhase;
			buildActionMask = 2147483647;
			files = (
				69CF5C2B18B49B3B0092C06D /* CoreGraphics.framework in Frameworks */,
				69CF5C2D18B49B3B0092C06D /* UIKit.framework in Frameworks */,
				69CF5C2918B49B3B0092C06D /* Foundation.framework in Frameworks */,
			);
			runOnlyForDeploymentPostprocessing = 0;
		};
		69CF5C4318B49B3B0092C06D /* Frameworks */ = {
			isa = PBXFrameworksBuildPhase;
			buildActionMask = 2147483647;
			files = (
				69CF5C4818B49B3B0092C06D /* XCTest.framework in Frameworks */,
				69CF5C4A18B49B3B0092C06D /* UIKit.framework in Frameworks */,
				69CF5C4918B49B3B0092C06D /* Foundation.framework in Frameworks */,
			);
			runOnlyForDeploymentPostprocessing = 0;
		};
/* End PBXFrameworksBuildPhase section */

/* Begin PBXGroup section */
		69CF5C1C18B49B3B0092C06D = {
			isa = PBXGroup;
			children = (
				69CF5C2E18B49B3B0092C06D /* SintaxisSimple */,
				69CF5C4D18B49B3B0092C06D /* SintaxisSimpleTests */,
				69CF5C2718B49B3B0092C06D /* Frameworks */,
				69CF5C2618B49B3B0092C06D /* Products */,
			);
			sourceTree = "<group>";
		};
		69CF5C2618B49B3B0092C06D /* Products */ = {
			isa = PBXGroup;
			children = (
				69CF5C2518B49B3B0092C06D /* SintaxisSimple.app */,
				69CF5C4618B49B3B0092C06D /* SintaxisSimpleTests.xctest */,
			);
			name = Products;
			sourceTree = "<group>";
		};
		69CF5C2718B49B3B0092C06D /* Frameworks */ = {
			isa = PBXGroup;
			children = (
				69CF5C2818B49B3B0092C06D /* Foundation.framework */,
				69CF5C2A18B49B3B0092C06D /* CoreGraphics.framework */,
				69CF5C2C18B49B3B0092C06D /* UIKit.framework */,
				69CF5C4718B49B3B0092C06D /* XCTest.framework */,
			);
			name = Frameworks;
			sourceTree = "<group>";
		};
		69CF5C2E18B49B3B0092C06D /* SintaxisSimple */ = {
			isa = PBXGroup;
			children = (
				69CF5C3A18B49B3B0092C06D /* Main.storyboard */,
				69CF5C3D18B49B3B0092C06D /* ViewController.h */,
				69CF5C3E18B49B3B0092C06D /* ViewController.m */,
				69CF5C4018B49B3B0092C06D /* Images.xcassets */,
				69CF5C2F18B49B3B0092C06D /* Supporting Files */,
			);
			path = SintaxisSimple;
			sourceTree = "<group>";
		};
		69CF5C2F18B49B3B0092C06D /* Supporting Files */ = {
			isa = PBXGroup;
			children = (
				69CF5C3718B49B3B0092C06D /* AppDelegate.h */,
				69CF5C3818B49B3B0092C06D /* AppDelegate.m */,
				69CF5C3018B49B3B0092C06D /* SintaxisSimple-Info.plist */,
				69CF5C3118B49B3B0092C06D /* InfoPlist.strings */,
				69CF5C3418B49B3B0092C06D /* main.m */,
				69CF5C3618B49B3B0092C06D /* SintaxisSimple-Prefix.pch */,
			);
			name = "Supporting Files";
			sourceTree = "<group>";
		};
		69CF5C4D18B49B3B0092C06D /* SintaxisSimpleTests */ = {
			isa = PBXGroup;
			children = (
				69CF5C5318B49B3B0092C06D /* SintaxisSimpleTests.m */,
				69CF5C4E18B49B3B0092C06D /* Supporting Files */,
			);
			path = SintaxisSimpleTests;
			sourceTree = "<group>";
		};
		69CF5C4E18B49B3B0092C06D /* Supporting Files */ = {
			isa = PBXGroup;
			children = (
				69CF5C4F18B49B3B0092C06D /* SintaxisSimpleTests-Info.plist */,
				69CF5C5018B49B3B0092C06D /* InfoPlist.strings */,
			);
			name = "Supporting Files";
			sourceTree = "<group>";
		};
/* End PBXGroup section */

/* Begin PBXNativeTarget section */
		69CF5C2418B49B3B0092C06D /* SintaxisSimple */ = {
			isa = PBXNativeTarget;
			buildConfigurationList = 69CF5C5718B49B3B0092C06D /* Build configuration list for PBXNativeTarget "SintaxisSimple" */;
			buildPhases = (
				69CF5C2118B49B3B0092C06D /* Sources */,
				69CF5C2218B49B3B0092C06D /* Frameworks */,
				69CF5C2318B49B3B0092C06D /* Resources */,
			);
			buildRules = (
			);
			dependencies = (
			);
			name = SintaxisSimple;
			productName = SintaxisSimple;
			productReference = 69CF5C2518B49B3B0092C06D /* SintaxisSimple.app */;
			productType = "com.apple.product-type.application";
		};
		69CF5C4518B49B3B0092C06D /* SintaxisSimpleTests */ = {
			isa = PBXNativeTarget;
			buildConfigurationList = 69CF5C5A18B49B3B0092C06D /* Build configuration list for PBXNativeTarget "SintaxisSimpleTests" */;
			buildPhases = (
				69CF5C4218B49B3B0092C06D /* Sources */,
				69CF5C4318B49B3B0092C06D /* Frameworks */,
				69CF5C4418B49B3B0092C06D /* Resources */,
			);
			buildRules = (
			);
			dependencies = (
				69CF5C4C18B49B3B0092C06D /* PBXTargetDependency */,
			);
			name = SintaxisSimpleTests;
			productName = SintaxisSimpleTests;
			productReference = 69CF5C4618B49B3B0092C06D /* SintaxisSimpleTests.xctest */;
			productType = "com.apple.product-type.bundle.unit-test";
		};
/* End PBXNativeTarget section */

/* Begin PBXProject section */
		69CF5C1D18B49B3B0092C06D /* Project object */ = {
			isa = PBXProject;
			attributes = {
				LastUpgradeCheck = 0500;
				ORGANIZATIONNAME = javi;
				TargetAttributes = {
					69CF5C4518B49B3B0092C06D = {
						TestTargetID = 69CF5C2418B49B3B0092C06D;
					};
				};
			};
			buildConfigurationList = 69CF5C2018B49B3B0092C06D /* Build configuration list for PBXProject "SintaxisSimple" */;
			compatibilityVersion = "Xcode 3.2";
			developmentRegion = English;
			hasScannedForEncodings = 0;
			knownRegions = (
				en,
				Base,
			);
			mainGroup = 69CF5C1C18B49B3B0092C06D;
			productRefGroup = 69CF5C2618B49B3B0092C06D /* Products */;
			projectDirPath = "";
			projectRoot = "";
			targets = (
				69CF5C2418B49B3B0092C06D /* SintaxisSimple */,
				69CF5C4518B49B3B0092C06D /* SintaxisSimpleTests */,
			);
		};
/* End PBXProject section */

/* Begin PBXResourcesBuildPhase section */
		69CF5C2318B49B3B0092C06D /* Resources */ = {
			isa = PBXResourcesBuildPhase;
			buildActionMask = 2147483647;
			files = (
				69CF5C4118B49B3B0092C06D /* Images.xcassets in Resources */,
				69CF5C3318B49B3B0092C06D /* InfoPlist.strings in Resources */,
				69CF5C3C18B49B3B0092C06D /* Main.storyboard in Resources */,
			);
			runOnlyForDeploymentPostprocessing = 0;
		};
		69CF5C4418B49B3B0092C06D /* Resources */ = {
			isa = PBXResourcesBuildPhase;
			buildActionMask = 2147483647;
			files = (
				69CF5C5218B49B3B0092C06D /* InfoPlist.strings in Resources */,
			);
			runOnlyForDeploymentPostprocessing = 0;
		};
/* End PBXResourcesBuildPhase section */

/* Begin PBXSourcesBuildPhase section */
		69CF5C2118B49B3B0092C06D /* Sources */ = {
			isa = PBXSourcesBuildPhase;
			buildActionMask = 2147483647;
			files = (
				69CF5C3F18B49B3B0092C06D /* ViewController.m in Sources */,
				69CF5C3918B49B3B0092C06D /* AppDelegate.m in Sources */,
				69CF5C3518B49B3B0092C06D /* main.m in Sources */,
			);
			runOnlyForDeploymentPostprocessing = 0;
		};
		69CF5C4218B49B3B0092C06D /* Sources */ = {
			isa = PBXSourcesBuildPhase;
			buildActionMask = 2147483647;
			files = (
				69CF5C5418B49B3B0092C06D /* SintaxisSimpleTests.m in Sources */,
			);
			runOnlyForDeploymentPostprocessing = 0;
		};
/* End PBXSourcesBuildPhase section */

/* Begin PBXTargetDependency section */
		69CF5C4C18B49B3B0092C06D /* PBXTargetDependency */ = {
			isa = PBXTargetDependency;
			target = 69CF5C2418B49B3B0092C06D /* SintaxisSimple */;
			targetProxy = 69CF5C4B18B49B3B0092C06D /* PBXContainerItemProxy */;
		};
/* End PBXTargetDependency section */

/* Begin PBXVariantGroup section */
		69CF5C3118B49B3B0092C06D /* InfoPlist.strings */ = {
			isa = PBXVariantGroup;
			children = (
				69CF5C3218B49B3B0092C06D /* en */,
			);
			name = InfoPlist.strings;
			sourceTree = "<group>";
		};
		69CF5C3A18B49B3B0092C06D /* Main.storyboard */ = {
			isa = PBXVariantGroup;
			children = (
				69CF5C3B18B49B3B0092C06D /* Base */,
			);
			name = Main.storyboard;
			sourceTree = "<group>";
		};
		69CF5C5018B49B3B0092C06D /* InfoPlist.strings */ = {
			isa = PBXVariantGroup;
			children = (
				69CF5C5118B49B3B0092C06D /* en */,
			);
			name = InfoPlist.strings;
			sourceTree = "<group>";
		};
/* End PBXVariantGroup section */

/* Begin XCBuildConfiguration section */
		69CF5C5518B49B3B0092C06D /* Debug */ = {
			isa = XCBuildConfiguration;
			buildSettings = {
				ALWAYS_SEARCH_USER_PATHS = NO;
				ARCHS = "$(ARCHS_STANDARD_INCLUDING_64_BIT)";
				CLANG_CXX_LANGUAGE_STANDARD = "gnu++0x";
				CLANG_CXX_LIBRARY = "libc++";
				CLANG_ENABLE_MODULES = YES;
				CLANG_ENABLE_OBJC_ARC = YES;
				CLANG_WARN_BOOL_CONVERSION = YES;
				CLANG_WARN_CONSTANT_CONVERSION = YES;
				CLANG_WARN_DIRECT_OBJC_ISA_USAGE = YES_ERROR;
				CLANG_WARN_EMPTY_BODY = YES;
				CLANG_WARN_ENUM_CONVERSION = YES;
				CLANG_WARN_INT_CONVERSION = YES;
				CLANG_WARN_OBJC_ROOT_CLASS = YES_ERROR;
				CLANG_WARN__DUPLICATE_METHOD_MATCH = YES;
				"CODE_SIGN_IDENTITY[sdk=iphoneos*]" = "iPhone Developer";
				COPY_PHASE_STRIP = NO;
				GCC_C_LANGUAGE_STANDARD = gnu99;
				GCC_DYNAMIC_NO_PIC = NO;
				GCC_OPTIMIZATION_LEVEL = 0;
				GCC_PREPROCESSOR_DEFINITIONS = (
					"DEBUG=1",
					"$(inherited)",
				);
				GCC_SYMBOLS_PRIVATE_EXTERN = NO;
				GCC_WARN_64_TO_32_BIT_CONVERSION = YES;
				GCC_WARN_ABOUT_RETURN_TYPE = YES_ERROR;
				GCC_WARN_UNDECLARED_SELECTOR = YES;
				GCC_WARN_UNINITIALIZED_AUTOS = YES;
				GCC_WARN_UNUSED_FUNCTION = YES;
				GCC_WARN_UNUSED_VARIABLE = YES;
				IPHONEOS_DEPLOYMENT_TARGET = 7.0;
				ONLY_ACTIVE_ARCH = YES;
				SDKROOT = iphoneos;
			};
			name = Debug;
		};
		69CF5C5618B49B3B0092C06D /* Release */ = {
			isa = XCBuildConfiguration;
			buildSettings = {
				ALWAYS_SEARCH_USER_PATHS = NO;
				ARCHS = "$(ARCHS_STANDARD_INCLUDING_64_BIT)";
				CLANG_CXX_LANGUAGE_STANDARD = "gnu++0x";
				CLANG_CXX_LIBRARY = "libc++";
				CLANG_ENABLE_MODULES = YES;
				CLANG_ENABLE_OBJC_ARC = YES;
				CLANG_WARN_BOOL_CONVERSION = YES;
				CLANG_WARN_CONSTANT_CONVERSION = YES;
				CLANG_WARN_DIRECT_OBJC_ISA_USAGE = YES_ERROR;
				CLANG_WARN_EMPTY_BODY = YES;
				CLANG_WARN_ENUM_CONVERSION = YES;
				CLANG_WARN_INT_CONVERSION = YES;
				CLANG_WARN_OBJC_ROOT_CLASS = YES_ERROR;
				CLANG_WARN__DUPLICATE_METHOD_MATCH = YES;
				"CODE_SIGN_IDENTITY[sdk=iphoneos*]" = "iPhone Developer";
				COPY_PHASE_STRIP = YES;
				ENABLE_NS_ASSERTIONS = NO;
				GCC_C_LANGUAGE_STANDARD = gnu99;
				GCC_WARN_64_TO_32_BIT_CONVERSION = YES;
				GCC_WARN_ABOUT_RETURN_TYPE = YES_ERROR;
				GCC_WARN_UNDECLARED_SELECTOR = YES;
				GCC_WARN_UNINITIALIZED_AUTOS = YES;
				GCC_WARN_UNUSED_FUNCTION = YES;
				GCC_WARN_UNUSED_VARIABLE = YES;
				IPHONEOS_DEPLOYMENT_TARGET = 7.0;
				SDKROOT = iphoneos;
				VALIDATE_PRODUCT = YES;
			};
			name = Release;
		};
		69CF5C5818B49B3B0092C06D /* Debug */ = {
			isa = XCBuildConfiguration;
			buildSettings = {
				ASSETCATALOG_COMPILER_APPICON_NAME = AppIcon;
				ASSETCATALOG_COMPILER_LAUNCHIMAGE_NAME = LaunchImage;
				GCC_PRECOMPILE_PREFIX_HEADER = YES;
				GCC_PREFIX_HEADER = "SintaxisSimple/SintaxisSimple-Prefix.pch";
				INFOPLIST_FILE = "SintaxisSimple/SintaxisSimple-Info.plist";
				PRODUCT_NAME = "$(TARGET_NAME)";
				WRAPPER_EXTENSION = app;
			};
			name = Debug;
		};
		69CF5C5918B49B3B0092C06D /* Release */ = {
			isa = XCBuildConfiguration;
			buildSettings = {
				ASSETCATALOG_COMPILER_APPICON_NAME = AppIcon;
				ASSETCATALOG_COMPILER_LAUNCHIMAGE_NAME = LaunchImage;
				GCC_PRECOMPILE_PREFIX_HEADER = YES;
				GCC_PREFIX_HEADER = "SintaxisSimple/SintaxisSimple-Prefix.pch";
				INFOPLIST_FILE = "SintaxisSimple/SintaxisSimple-Info.plist";
				PRODUCT_NAME = "$(TARGET_NAME)";
				WRAPPER_EXTENSION = app;
			};
			name = Release;
		};
		69CF5C5B18B49B3B0092C06D /* Debug */ = {
			isa = XCBuildConfiguration;
			buildSettings = {
				ARCHS = "$(ARCHS_STANDARD_INCLUDING_64_BIT)";
				BUNDLE_LOADER = "$(BUILT_PRODUCTS_DIR)/SintaxisSimple.app/SintaxisSimple";
				FRAMEWORK_SEARCH_PATHS = (
					"$(SDKROOT)/Developer/Library/Frameworks",
					"$(inherited)",
					"$(DEVELOPER_FRAMEWORKS_DIR)",
				);
				GCC_PRECOMPILE_PREFIX_HEADER = YES;
				GCC_PREFIX_HEADER = "SintaxisSimple/SintaxisSimple-Prefix.pch";
				GCC_PREPROCESSOR_DEFINITIONS = (
					"DEBUG=1",
					"$(inherited)",
				);
				INFOPLIST_FILE = "SintaxisSimpleTests/SintaxisSimpleTests-Info.plist";
				PRODUCT_NAME = "$(TARGET_NAME)";
				TEST_HOST = "$(BUNDLE_LOADER)";
				WRAPPER_EXTENSION = xctest;
			};
			name = Debug;
		};
		69CF5C5C18B49B3B0092C06D /* Release */ = {
			isa = XCBuildConfiguration;
			buildSettings = {
				ARCHS = "$(ARCHS_STANDARD_INCLUDING_64_BIT)";
				BUNDLE_LOADER = "$(BUILT_PRODUCTS_DIR)/SintaxisSimple.app/SintaxisSimple";
				FRAMEWORK_SEARCH_PATHS = (
					"$(SDKROOT)/Developer/Library/Frameworks",
					"$(inherited)",
					"$(DEVELOPER_FRAMEWORKS_DIR)",
				);
				GCC_PRECOMPILE_PREFIX_HEADER = YES;
				GCC_PREFIX_HEADER = "SintaxisSimple/SintaxisSimple-Prefix.pch";
				INFOPLIST_FILE = "SintaxisSimpleTests/SintaxisSimpleTests-Info.plist";
				PRODUCT_NAME = "$(TARGET_NAME)";
				TEST_HOST = "$(BUNDLE_LOADER)";
				WRAPPER_EXTENSION = xctest;
			};
			name = Release;
		};
/* End XCBuildConfiguration section */

/* Begin XCConfigurationList section */
		69CF5C2018B49B3B0092C06D /* Build configuration list for PBXProject "SintaxisSimple" */ = {
			isa = XCConfigurationList;
			buildConfigurations = (
				69CF5C5518B49B3B0092C06D /* Debug */,
				69CF5C5618B49B3B0092C06D /* Release */,
			);
			defaultConfigurationIsVisible = 0;
			defaultConfigurationName = Release;
		};
		69CF5C5718B49B3B0092C06D /* Build configuration list for PBXNativeTarget "SintaxisSimple" */ = {
			isa = XCConfigurationList;
			buildConfigurations = (
				69CF5C5818B49B3B0092C06D /* Debug */,
				69CF5C5918B49B3B0092C06D /* Release */,
			);
			defaultConfigurationIsVisible = 0;
		};
		69CF5C5A18B49B3B0092C06D /* Build configuration list for PBXNativeTarget "SintaxisSimpleTests" */ = {
			isa = XCConfigurationList;
			buildConfigurations = (
				69CF5C5B18B49B3B0092C06D /* Debug */,
				69CF5C5C18B49B3B0092C06D /* Release */,
			);
			defaultConfigurationIsVisible = 0;
		};
/* End XCConfigurationList section */
	};
	rootObject = 69CF5C1D18B49B3B0092C06D /* Project object */;
}
