// !$*UTF8*$!
{
	archiveVersion = 1;
	classes = {
	};
	objectVersion = 46;
	objects = {

/* Begin PBXBuildFile section */
		69C55D6A18C89E86004F386E /* Foundation.framework in Frameworks */ = {isa = PBXBuildFile; fileRef = 69C55D6918C89E86004F386E /* Foundation.framework */; };
		69C55D6C18C89E86004F386E /* CoreGraphics.framework in Frameworks */ = {isa = PBXBuildFile; fileRef = 69C55D6B18C89E86004F386E /* CoreGraphics.framework */; };
		69C55D6E18C89E86004F386E /* UIKit.framework in Frameworks */ = {isa = PBXBuildFile; fileRef = 69C55D6D18C89E86004F386E /* UIKit.framework */; };
		69C55D7418C89E86004F386E /* InfoPlist.strings in Resources */ = {isa = PBXBuildFile; fileRef = 69C55D7218C89E86004F386E /* InfoPlist.strings */; };
		69C55D7618C89E86004F386E /* main.m in Sources */ = {isa = PBXBuildFile; fileRef = 69C55D7518C89E86004F386E /* main.m */; };
		69C55D7A18C89E86004F386E /* AppDelegate.m in Sources */ = {isa = PBXBuildFile; fileRef = 69C55D7918C89E86004F386E /* AppDelegate.m */; };
		69C55D7D18C89E86004F386E /* Main_iPhone.storyboard in Resources */ = {isa = PBXBuildFile; fileRef = 69C55D7B18C89E86004F386E /* Main_iPhone.storyboard */; };
		69C55D8018C89E86004F386E /* Main_iPad.storyboard in Resources */ = {isa = PBXBuildFile; fileRef = 69C55D7E18C89E86004F386E /* Main_iPad.storyboard */; };
		69C55D8518C89E86004F386E /* Images.xcassets in Resources */ = {isa = PBXBuildFile; fileRef = 69C55D8418C89E86004F386E /* Images.xcassets */; };
		69C55D8C18C89E86004F386E /* XCTest.framework in Frameworks */ = {isa = PBXBuildFile; fileRef = 69C55D8B18C89E86004F386E /* XCTest.framework */; };
		69C55D8D18C89E86004F386E /* Foundation.framework in Frameworks */ = {isa = PBXBuildFile; fileRef = 69C55D6918C89E86004F386E /* Foundation.framework */; };
		69C55D8E18C89E86004F386E /* UIKit.framework in Frameworks */ = {isa = PBXBuildFile; fileRef = 69C55D6D18C89E86004F386E /* UIKit.framework */; };
		69C55D9618C89E86004F386E /* InfoPlist.strings in Resources */ = {isa = PBXBuildFile; fileRef = 69C55D9418C89E86004F386E /* InfoPlist.strings */; };
		69C55D9818C89E86004F386E /* _00PxTests.m in Sources */ = {isa = PBXBuildFile; fileRef = 69C55D9718C89E86004F386E /* _00PxTests.m */; };
		69C6A06818C9AEB900687FA6 /* Foto.m in Sources */ = {isa = PBXBuildFile; fileRef = 69C6A06718C9AEB900687FA6 /* Foto.m */; };
		69C6A06B18C9B0B600687FA6 /* PrincipalViewController.m in Sources */ = {isa = PBXBuildFile; fileRef = 69C6A06A18C9B0B600687FA6 /* PrincipalViewController.m */; };
		69C6A06E18C9B12300687FA6 /* Modelo.m in Sources */ = {isa = PBXBuildFile; fileRef = 69C6A06D18C9B12300687FA6 /* Modelo.m */; };
		69C6A07118C9CA3200687FA6 /* FotoViewCell.m in Sources */ = {isa = PBXBuildFile; fileRef = 69C6A07018C9CA3200687FA6 /* FotoViewCell.m */; };
		69C6A07418C9E49800687FA6 /* FotoView.m in Sources */ = {isa = PBXBuildFile; fileRef = 69C6A07318C9E49800687FA6 /* FotoView.m */; };
		69C6C8BC18CDDDD00011F1EC /* DetallesViewController.m in Sources */ = {isa = PBXBuildFile; fileRef = 69C6C8BB18CDDDD00011F1EC /* DetallesViewController.m */; };
/* End PBXBuildFile section */

/* Begin PBXContainerItemProxy section */
		69C55D8F18C89E86004F386E /* PBXContainerItemProxy */ = {
			isa = PBXContainerItemProxy;
			containerPortal = 69C55D5E18C89E86004F386E /* Project object */;
			proxyType = 1;
			remoteGlobalIDString = 69C55D6518C89E86004F386E;
			remoteInfo = 500Px;
		};
/* End PBXContainerItemProxy section */

/* Begin PBXFileReference section */
		69C55D6618C89E86004F386E /* 500Px.app */ = {isa = PBXFileReference; explicitFileType = wrapper.application; includeInIndex = 0; path = 500Px.app; sourceTree = BUILT_PRODUCTS_DIR; };
		69C55D6918C89E86004F386E /* Foundation.framework */ = {isa = PBXFileReference; lastKnownFileType = wrapper.framework; name = Foundation.framework; path = System/Library/Frameworks/Foundation.framework; sourceTree = SDKROOT; };
		69C55D6B18C89E86004F386E /* CoreGraphics.framework */ = {isa = PBXFileReference; lastKnownFileType = wrapper.framework; name = CoreGraphics.framework; path = System/Library/Frameworks/CoreGraphics.framework; sourceTree = SDKROOT; };
		69C55D6D18C89E86004F386E /* UIKit.framework */ = {isa = PBXFileReference; lastKnownFileType = wrapper.framework; name = UIKit.framework; path = System/Library/Frameworks/UIKit.framework; sourceTree = SDKROOT; };
		69C55D7118C89E86004F386E /* 500Px-Info.plist */ = {isa = PBXFileReference; lastKnownFileType = text.plist.xml; path = "500Px-Info.plist"; sourceTree = "<group>"; };
		69C55D7318C89E86004F386E /* en */ = {isa = PBXFileReference; lastKnownFileType = text.plist.strings; name = en; path = en.lproj/InfoPlist.strings; sourceTree = "<group>"; };
		69C55D7518C89E86004F386E /* main.m */ = {isa = PBXFileReference; lastKnownFileType = sourcecode.c.objc; path = main.m; sourceTree = "<group>"; };
		69C55D7718C89E86004F386E /* 500Px-Prefix.pch */ = {isa = PBXFileReference; lastKnownFileType = sourcecode.c.h; path = "500Px-Prefix.pch"; sourceTree = "<group>"; };
		69C55D7818C89E86004F386E /* AppDelegate.h */ = {isa = PBXFileReference; lastKnownFileType = sourcecode.c.h; path = AppDelegate.h; sourceTree = "<group>"; };
		69C55D7918C89E86004F386E /* AppDelegate.m */ = {isa = PBXFileReference; lastKnownFileType = sourcecode.c.objc; path = AppDelegate.m; sourceTree = "<group>"; };
		69C55D7C18C89E86004F386E /* Base */ = {isa = PBXFileReference; lastKnownFileType = file.storyboard; name = Base; path = Base.lproj/Main_iPhone.storyboard; sourceTree = "<group>"; };
		69C55D7F18C89E86004F386E /* Base */ = {isa = PBXFileReference; lastKnownFileType = file.storyboard; name = Base; path = Base.lproj/Main_iPad.storyboard; sourceTree = "<group>"; };
		69C55D8418C89E86004F386E /* Images.xcassets */ = {isa = PBXFileReference; lastKnownFileType = folder.assetcatalog; path = Images.xcassets; sourceTree = "<group>"; };
		69C55D8A18C89E86004F386E /* 500PxTests.xctest */ = {isa = PBXFileReference; explicitFileType = wrapper.cfbundle; includeInIndex = 0; path = 500PxTests.xctest; sourceTree = BUILT_PRODUCTS_DIR; };
		69C55D8B18C89E86004F386E /* XCTest.framework */ = {isa = PBXFileReference; lastKnownFileType = wrapper.framework; name = XCTest.framework; path = Library/Frameworks/XCTest.framework; sourceTree = DEVELOPER_DIR; };
		69C55D9318C89E86004F386E /* 500PxTests-Info.plist */ = {isa = PBXFileReference; lastKnownFileType = text.plist.xml; path = "500PxTests-Info.plist"; sourceTree = "<group>"; };
		69C55D9518C89E86004F386E /* en */ = {isa = PBXFileReference; lastKnownFileType = text.plist.strings; name = en; path = en.lproj/InfoPlist.strings; sourceTree = "<group>"; };
		69C55D9718C89E86004F386E /* _00PxTests.m */ = {isa = PBXFileReference; lastKnownFileType = sourcecode.c.objc; path = _00PxTests.m; sourceTree = "<group>"; };
		69C6A06618C9AEB900687FA6 /* Foto.h */ = {isa = PBXFileReference; fileEncoding = 4; lastKnownFileType = sourcecode.c.h; name = Foto.h; path = ../Foto.h; sourceTree = "<group>"; };
		69C6A06718C9AEB900687FA6 /* Foto.m */ = {isa = PBXFileReference; fileEncoding = 4; lastKnownFileType = sourcecode.c.objc; name = Foto.m; path = ../Foto.m; sourceTree = "<group>"; };
		69C6A06918C9B0B600687FA6 /* PrincipalViewController.h */ = {isa = PBXFileReference; fileEncoding = 4; lastKnownFileType = sourcecode.c.h; path = PrincipalViewController.h; sourceTree = "<group>"; };
		69C6A06A18C9B0B600687FA6 /* PrincipalViewController.m */ = {isa = PBXFileReference; fileEncoding = 4; lastKnownFileType = sourcecode.c.objc; path = PrincipalViewController.m; sourceTree = "<group>"; };
		69C6A06C18C9B12300687FA6 /* Modelo.h */ = {isa = PBXFileReference; fileEncoding = 4; lastKnownFileType = sourcecode.c.h; path = Modelo.h; sourceTree = "<group>"; };
		69C6A06D18C9B12300687FA6 /* Modelo.m */ = {isa = PBXFileReference; fileEncoding = 4; lastKnownFileType = sourcecode.c.objc; path = Modelo.m; sourceTree = "<group>"; };
		69C6A06F18C9CA3200687FA6 /* FotoViewCell.h */ = {isa = PBXFileReference; fileEncoding = 4; lastKnownFileType = sourcecode.c.h; path = FotoViewCell.h; sourceTree = "<group>"; };
		69C6A07018C9CA3200687FA6 /* FotoViewCell.m */ = {isa = PBXFileReference; fileEncoding = 4; lastKnownFileType = sourcecode.c.objc; path = FotoViewCell.m; sourceTree = "<group>"; };
		69C6A07218C9E49800687FA6 /* FotoView.h */ = {isa = PBXFileReference; fileEncoding = 4; lastKnownFileType = sourcecode.c.h; name = FotoView.h; path = ../FotoView.h; sourceTree = "<group>"; };
		69C6A07318C9E49800687FA6 /* FotoView.m */ = {isa = PBXFileReference; fileEncoding = 4; lastKnownFileType = sourcecode.c.objc; name = FotoView.m; path = ../FotoView.m; sourceTree = "<group>"; };
		69C6C8BA18CDDDD00011F1EC /* DetallesViewController.h */ = {isa = PBXFileReference; fileEncoding = 4; lastKnownFileType = sourcecode.c.h; name = DetallesViewController.h; path = ../DetallesViewController.h; sourceTree = "<group>"; };
		69C6C8BB18CDDDD00011F1EC /* DetallesViewController.m */ = {isa = PBXFileReference; fileEncoding = 4; lastKnownFileType = sourcecode.c.objc; name = DetallesViewController.m; path = ../DetallesViewController.m; sourceTree = "<group>"; };
/* End PBXFileReference section */

/* Begin PBXFrameworksBuildPhase section */
		69C55D6318C89E86004F386E /* Frameworks */ = {
			isa = PBXFrameworksBuildPhase;
			buildActionMask = 2147483647;
			files = (
				69C55D6C18C89E86004F386E /* CoreGraphics.framework in Frameworks */,
				69C55D6E18C89E86004F386E /* UIKit.framework in Frameworks */,
				69C55D6A18C89E86004F386E /* Foundation.framework in Frameworks */,
			);
			runOnlyForDeploymentPostprocessing = 0;
		};
		69C55D8718C89E86004F386E /* Frameworks */ = {
			isa = PBXFrameworksBuildPhase;
			buildActionMask = 2147483647;
			files = (
				69C55D8C18C89E86004F386E /* XCTest.framework in Frameworks */,
				69C55D8E18C89E86004F386E /* UIKit.framework in Frameworks */,
				69C55D8D18C89E86004F386E /* Foundation.framework in Frameworks */,
			);
			runOnlyForDeploymentPostprocessing = 0;
		};
/* End PBXFrameworksBuildPhase section */

/* Begin PBXGroup section */
		69C55D5D18C89E86004F386E = {
			isa = PBXGroup;
			children = (
				69C55D6F18C89E86004F386E /* 500Px */,
				69C55D9118C89E86004F386E /* 500PxTests */,
				69C55D6818C89E86004F386E /* Frameworks */,
				69C55D6718C89E86004F386E /* Products */,
			);
			sourceTree = "<group>";
		};
		69C55D6718C89E86004F386E /* Products */ = {
			isa = PBXGroup;
			children = (
				69C55D6618C89E86004F386E /* 500Px.app */,
				69C55D8A18C89E86004F386E /* 500PxTests.xctest */,
			);
			name = Products;
			sourceTree = "<group>";
		};
		69C55D6818C89E86004F386E /* Frameworks */ = {
			isa = PBXGroup;
			children = (
				69C55D6918C89E86004F386E /* Foundation.framework */,
				69C55D6B18C89E86004F386E /* CoreGraphics.framework */,
				69C55D6D18C89E86004F386E /* UIKit.framework */,
				69C55D8B18C89E86004F386E /* XCTest.framework */,
			);
			name = Frameworks;
			sourceTree = "<group>";
		};
		69C55D6F18C89E86004F386E /* 500Px */ = {
			isa = PBXGroup;
			children = (
				69C6C8BA18CDDDD00011F1EC /* DetallesViewController.h */,
				69C6C8BB18CDDDD00011F1EC /* DetallesViewController.m */,
				69C6A07218C9E49800687FA6 /* FotoView.h */,
				69C6A07318C9E49800687FA6 /* FotoView.m */,
				69C55D7B18C89E86004F386E /* Main_iPhone.storyboard */,
				69C55D7E18C89E86004F386E /* Main_iPad.storyboard */,
				69C6A06F18C9CA3200687FA6 /* FotoViewCell.h */,
				69C6A07018C9CA3200687FA6 /* FotoViewCell.m */,
				69C6A06918C9B0B600687FA6 /* PrincipalViewController.h */,
				69C6A06A18C9B0B600687FA6 /* PrincipalViewController.m */,
				69C6A06618C9AEB900687FA6 /* Foto.h */,
				69C6A06718C9AEB900687FA6 /* Foto.m */,
				69C6A06C18C9B12300687FA6 /* Modelo.h */,
				69C6A06D18C9B12300687FA6 /* Modelo.m */,
				69C55D8418C89E86004F386E /* Images.xcassets */,
				69C55D7018C89E86004F386E /* Supporting Files */,
			);
			path = 500Px;
			sourceTree = "<group>";
		};
		69C55D7018C89E86004F386E /* Supporting Files */ = {
			isa = PBXGroup;
			children = (
				69C55D7818C89E86004F386E /* AppDelegate.h */,
				69C55D7918C89E86004F386E /* AppDelegate.m */,
				69C55D7118C89E86004F386E /* 500Px-Info.plist */,
				69C55D7218C89E86004F386E /* InfoPlist.strings */,
				69C55D7518C89E86004F386E /* main.m */,
				69C55D7718C89E86004F386E /* 500Px-Prefix.pch */,
			);
			name = "Supporting Files";
			sourceTree = "<group>";
		};
		69C55D9118C89E86004F386E /* 500PxTests */ = {
			isa = PBXGroup;
			children = (
				69C55D9718C89E86004F386E /* _00PxTests.m */,
				69C55D9218C89E86004F386E /* Supporting Files */,
			);
			path = 500PxTests;
			sourceTree = "<group>";
		};
		69C55D9218C89E86004F386E /* Supporting Files */ = {
			isa = PBXGroup;
			children = (
				69C55D9318C89E86004F386E /* 500PxTests-Info.plist */,
				69C55D9418C89E86004F386E /* InfoPlist.strings */,
			);
			name = "Supporting Files";
			sourceTree = "<group>";
		};
/* End PBXGroup section */

/* Begin PBXNativeTarget section */
		69C55D6518C89E86004F386E /* 500Px */ = {
			isa = PBXNativeTarget;
			buildConfigurationList = 69C55D9B18C89E86004F386E /* Build configuration list for PBXNativeTarget "500Px" */;
			buildPhases = (
				69C55D6218C89E86004F386E /* Sources */,
				69C55D6318C89E86004F386E /* Frameworks */,
				69C55D6418C89E86004F386E /* Resources */,
			);
			buildRules = (
			);
			dependencies = (
			);
			name = 500Px;
			productName = 500Px;
			productReference = 69C55D6618C89E86004F386E /* 500Px.app */;
			productType = "com.apple.product-type.application";
		};
		69C55D8918C89E86004F386E /* 500PxTests */ = {
			isa = PBXNativeTarget;
			buildConfigurationList = 69C55D9E18C89E86004F386E /* Build configuration list for PBXNativeTarget "500PxTests" */;
			buildPhases = (
				69C55D8618C89E86004F386E /* Sources */,
				69C55D8718C89E86004F386E /* Frameworks */,
				69C55D8818C89E86004F386E /* Resources */,
			);
			buildRules = (
			);
			dependencies = (
				69C55D9018C89E86004F386E /* PBXTargetDependency */,
			);
			name = 500PxTests;
			productName = 500PxTests;
			productReference = 69C55D8A18C89E86004F386E /* 500PxTests.xctest */;
			productType = "com.apple.product-type.bundle.unit-test";
		};
/* End PBXNativeTarget section */

/* Begin PBXProject section */
		69C55D5E18C89E86004F386E /* Project object */ = {
			isa = PBXProject;
			attributes = {
				LastUpgradeCheck = 0500;
				ORGANIZATIONNAME = javi;
				TargetAttributes = {
					69C55D8918C89E86004F386E = {
						TestTargetID = 69C55D6518C89E86004F386E;
					};
				};
			};
			buildConfigurationList = 69C55D6118C89E86004F386E /* Build configuration list for PBXProject "500Px" */;
			compatibilityVersion = "Xcode 3.2";
			developmentRegion = English;
			hasScannedForEncodings = 0;
			knownRegions = (
				en,
				Base,
			);
			mainGroup = 69C55D5D18C89E86004F386E;
			productRefGroup = 69C55D6718C89E86004F386E /* Products */;
			projectDirPath = "";
			projectRoot = "";
			targets = (
				69C55D6518C89E86004F386E /* 500Px */,
				69C55D8918C89E86004F386E /* 500PxTests */,
			);
		};
/* End PBXProject section */

/* Begin PBXResourcesBuildPhase section */
		69C55D6418C89E86004F386E /* Resources */ = {
			isa = PBXResourcesBuildPhase;
			buildActionMask = 2147483647;
			files = (
				69C55D8018C89E86004F386E /* Main_iPad.storyboard in Resources */,
				69C55D8518C89E86004F386E /* Images.xcassets in Resources */,
				69C55D7D18C89E86004F386E /* Main_iPhone.storyboard in Resources */,
				69C55D7418C89E86004F386E /* InfoPlist.strings in Resources */,
			);
			runOnlyForDeploymentPostprocessing = 0;
		};
		69C55D8818C89E86004F386E /* Resources */ = {
			isa = PBXResourcesBuildPhase;
			buildActionMask = 2147483647;
			files = (
				69C55D9618C89E86004F386E /* InfoPlist.strings in Resources */,
			);
			runOnlyForDeploymentPostprocessing = 0;
		};
/* End PBXResourcesBuildPhase section */

/* Begin PBXSourcesBuildPhase section */
		69C55D6218C89E86004F386E /* Sources */ = {
			isa = PBXSourcesBuildPhase;
			buildActionMask = 2147483647;
			files = (
				69C6C8BC18CDDDD00011F1EC /* DetallesViewController.m in Sources */,
				69C6A07118C9CA3200687FA6 /* FotoViewCell.m in Sources */,
				69C6A07418C9E49800687FA6 /* FotoView.m in Sources */,
				69C6A06818C9AEB900687FA6 /* Foto.m in Sources */,
				69C6A06B18C9B0B600687FA6 /* PrincipalViewController.m in Sources */,
				69C6A06E18C9B12300687FA6 /* Modelo.m in Sources */,
				69C55D7A18C89E86004F386E /* AppDelegate.m in Sources */,
				69C55D7618C89E86004F386E /* main.m in Sources */,
			);
			runOnlyForDeploymentPostprocessing = 0;
		};
		69C55D8618C89E86004F386E /* Sources */ = {
			isa = PBXSourcesBuildPhase;
			buildActionMask = 2147483647;
			files = (
				69C55D9818C89E86004F386E /* _00PxTests.m in Sources */,
			);
			runOnlyForDeploymentPostprocessing = 0;
		};
/* End PBXSourcesBuildPhase section */

/* Begin PBXTargetDependency section */
		69C55D9018C89E86004F386E /* PBXTargetDependency */ = {
			isa = PBXTargetDependency;
			target = 69C55D6518C89E86004F386E /* 500Px */;
			targetProxy = 69C55D8F18C89E86004F386E /* PBXContainerItemProxy */;
		};
/* End PBXTargetDependency section */

/* Begin PBXVariantGroup section */
		69C55D7218C89E86004F386E /* InfoPlist.strings */ = {
			isa = PBXVariantGroup;
			children = (
				69C55D7318C89E86004F386E /* en */,
			);
			name = InfoPlist.strings;
			sourceTree = "<group>";
		};
		69C55D7B18C89E86004F386E /* Main_iPhone.storyboard */ = {
			isa = PBXVariantGroup;
			children = (
				69C55D7C18C89E86004F386E /* Base */,
			);
			name = Main_iPhone.storyboard;
			sourceTree = "<group>";
		};
		69C55D7E18C89E86004F386E /* Main_iPad.storyboard */ = {
			isa = PBXVariantGroup;
			children = (
				69C55D7F18C89E86004F386E /* Base */,
			);
			name = Main_iPad.storyboard;
			sourceTree = "<group>";
		};
		69C55D9418C89E86004F386E /* InfoPlist.strings */ = {
			isa = PBXVariantGroup;
			children = (
				69C55D9518C89E86004F386E /* en */,
			);
			name = InfoPlist.strings;
			sourceTree = "<group>";
		};
/* End PBXVariantGroup section */

/* Begin XCBuildConfiguration section */
		69C55D9918C89E86004F386E /* Debug */ = {
			isa = XCBuildConfiguration;
			buildSettings = {
				ALWAYS_SEARCH_USER_PATHS = NO;
				ARCHS = "$(ARCHS_STANDARD_INCLUDING_64_BIT)";
				CLANG_CXX_LANGUAGE_STANDARD = "gnu++0x";
				CLANG_CXX_LIBRARY = "libc++";
				CLANG_ENABLE_MODULES = YES;
				CLANG_ENABLE_OBJC_ARC = YES;
				CLANG_WARN_BOOL_CONVERSION = YES;
				CLANG_WARN_CONSTANT_CONVERSION = YES;
				CLANG_WARN_DIRECT_OBJC_ISA_USAGE = YES_ERROR;
				CLANG_WARN_EMPTY_BODY = YES;
				CLANG_WARN_ENUM_CONVERSION = YES;
				CLANG_WARN_INT_CONVERSION = YES;
				CLANG_WARN_OBJC_ROOT_CLASS = YES_ERROR;
				CLANG_WARN__DUPLICATE_METHOD_MATCH = YES;
				"CODE_SIGN_IDENTITY[sdk=iphoneos*]" = "iPhone Developer";
				COPY_PHASE_STRIP = NO;
				GCC_C_LANGUAGE_STANDARD = gnu99;
				GCC_DYNAMIC_NO_PIC = NO;
				GCC_OPTIMIZATION_LEVEL = 0;
				GCC_PREPROCESSOR_DEFINITIONS = (
					"DEBUG=1",
					"$(inherited)",
				);
				GCC_SYMBOLS_PRIVATE_EXTERN = NO;
				GCC_WARN_64_TO_32_BIT_CONVERSION = YES;
				GCC_WARN_ABOUT_RETURN_TYPE = YES_ERROR;
				GCC_WARN_UNDECLARED_SELECTOR = YES;
				GCC_WARN_UNINITIALIZED_AUTOS = YES;
				GCC_WARN_UNUSED_FUNCTION = YES;
				GCC_WARN_UNUSED_VARIABLE = YES;
				IPHONEOS_DEPLOYMENT_TARGET = 7.0;
				ONLY_ACTIVE_ARCH = YES;
				SDKROOT = iphoneos;
				TARGETED_DEVICE_FAMILY = "1,2";
			};
			name = Debug;
		};
		69C55D9A18C89E86004F386E /* Release */ = {
			isa = XCBuildConfiguration;
			buildSettings = {
				ALWAYS_SEARCH_USER_PATHS = NO;
				ARCHS = "$(ARCHS_STANDARD_INCLUDING_64_BIT)";
				CLANG_CXX_LANGUAGE_STANDARD = "gnu++0x";
				CLANG_CXX_LIBRARY = "libc++";
				CLANG_ENABLE_MODULES = YES;
				CLANG_ENABLE_OBJC_ARC = YES;
				CLANG_WARN_BOOL_CONVERSION = YES;
				CLANG_WARN_CONSTANT_CONVERSION = YES;
				CLANG_WARN_DIRECT_OBJC_ISA_USAGE = YES_ERROR;
				CLANG_WARN_EMPTY_BODY = YES;
				CLANG_WARN_ENUM_CONVERSION = YES;
				CLANG_WARN_INT_CONVERSION = YES;
				CLANG_WARN_OBJC_ROOT_CLASS = YES_ERROR;
				CLANG_WARN__DUPLICATE_METHOD_MATCH = YES;
				"CODE_SIGN_IDENTITY[sdk=iphoneos*]" = "iPhone Developer";
				COPY_PHASE_STRIP = YES;
				ENABLE_NS_ASSERTIONS = NO;
				GCC_C_LANGUAGE_STANDARD = gnu99;
				GCC_WARN_64_TO_32_BIT_CONVERSION = YES;
				GCC_WARN_ABOUT_RETURN_TYPE = YES_ERROR;
				GCC_WARN_UNDECLARED_SELECTOR = YES;
				GCC_WARN_UNINITIALIZED_AUTOS = YES;
				GCC_WARN_UNUSED_FUNCTION = YES;
				GCC_WARN_UNUSED_VARIABLE = YES;
				IPHONEOS_DEPLOYMENT_TARGET = 7.0;
				SDKROOT = iphoneos;
				TARGETED_DEVICE_FAMILY = "1,2";
				VALIDATE_PRODUCT = YES;
			};
			name = Release;
		};
		69C55D9C18C89E86004F386E /* Debug */ = {
			isa = XCBuildConfiguration;
			buildSettings = {
				ASSETCATALOG_COMPILER_APPICON_NAME = AppIcon;
				ASSETCATALOG_COMPILER_LAUNCHIMAGE_NAME = LaunchImage;
				GCC_PRECOMPILE_PREFIX_HEADER = YES;
				GCC_PREFIX_HEADER = "500Px/500Px-Prefix.pch";
				INFOPLIST_FILE = "500Px/500Px-Info.plist";
				PRODUCT_NAME = "$(TARGET_NAME)";
				WRAPPER_EXTENSION = app;
			};
			name = Debug;
		};
		69C55D9D18C89E86004F386E /* Release */ = {
			isa = XCBuildConfiguration;
			buildSettings = {
				ASSETCATALOG_COMPILER_APPICON_NAME = AppIcon;
				ASSETCATALOG_COMPILER_LAUNCHIMAGE_NAME = LaunchImage;
				GCC_PRECOMPILE_PREFIX_HEADER = YES;
				GCC_PREFIX_HEADER = "500Px/500Px-Prefix.pch";
				INFOPLIST_FILE = "500Px/500Px-Info.plist";
				PRODUCT_NAME = "$(TARGET_NAME)";
				WRAPPER_EXTENSION = app;
			};
			name = Release;
		};
		69C55D9F18C89E86004F386E /* Debug */ = {
			isa = XCBuildConfiguration;
			buildSettings = {
				ARCHS = "$(ARCHS_STANDARD_INCLUDING_64_BIT)";
				BUNDLE_LOADER = "$(BUILT_PRODUCTS_DIR)/500Px.app/500Px";
				FRAMEWORK_SEARCH_PATHS = (
					"$(SDKROOT)/Developer/Library/Frameworks",
					"$(inherited)",
					"$(DEVELOPER_FRAMEWORKS_DIR)",
				);
				GCC_PRECOMPILE_PREFIX_HEADER = YES;
				GCC_PREFIX_HEADER = "500Px/500Px-Prefix.pch";
				GCC_PREPROCESSOR_DEFINITIONS = (
					"DEBUG=1",
					"$(inherited)",
				);
				INFOPLIST_FILE = "500PxTests/500PxTests-Info.plist";
				PRODUCT_NAME = "$(TARGET_NAME)";
				TEST_HOST = "$(BUNDLE_LOADER)";
				WRAPPER_EXTENSION = xctest;
			};
			name = Debug;
		};
		69C55DA018C89E86004F386E /* Release */ = {
			isa = XCBuildConfiguration;
			buildSettings = {
				ARCHS = "$(ARCHS_STANDARD_INCLUDING_64_BIT)";
				BUNDLE_LOADER = "$(BUILT_PRODUCTS_DIR)/500Px.app/500Px";
				FRAMEWORK_SEARCH_PATHS = (
					"$(SDKROOT)/Developer/Library/Frameworks",
					"$(inherited)",
					"$(DEVELOPER_FRAMEWORKS_DIR)",
				);
				GCC_PRECOMPILE_PREFIX_HEADER = YES;
				GCC_PREFIX_HEADER = "500Px/500Px-Prefix.pch";
				INFOPLIST_FILE = "500PxTests/500PxTests-Info.plist";
				PRODUCT_NAME = "$(TARGET_NAME)";
				TEST_HOST = "$(BUNDLE_LOADER)";
				WRAPPER_EXTENSION = xctest;
			};
			name = Release;
		};
/* End XCBuildConfiguration section */

/* Begin XCConfigurationList section */
		69C55D6118C89E86004F386E /* Build configuration list for PBXProject "500Px" */ = {
			isa = XCConfigurationList;
			buildConfigurations = (
				69C55D9918C89E86004F386E /* Debug */,
				69C55D9A18C89E86004F386E /* Release */,
			);
			defaultConfigurationIsVisible = 0;
			defaultConfigurationName = Release;
		};
		69C55D9B18C89E86004F386E /* Build configuration list for PBXNativeTarget "500Px" */ = {
			isa = XCConfigurationList;
			buildConfigurations = (
				69C55D9C18C89E86004F386E /* Debug */,
				69C55D9D18C89E86004F386E /* Release */,
			);
			defaultConfigurationIsVisible = 0;
			defaultConfigurationName = Release;
		};
		69C55D9E18C89E86004F386E /* Build configuration list for PBXNativeTarget "500PxTests" */ = {
			isa = XCConfigurationList;
			buildConfigurations = (
				69C55D9F18C89E86004F386E /* Debug */,
				69C55DA018C89E86004F386E /* Release */,
			);
			defaultConfigurationIsVisible = 0;
			defaultConfigurationName = Release;
		};
/* End XCConfigurationList section */
	};
	rootObject = 69C55D5E18C89E86004F386E /* Project object */;
}
