// !$*UTF8*$!
{
	archiveVersion = 1;
	classes = {
	};
	objectVersion = 46;
	objects = {

/* Begin PBXBuildFile section */
		69C55CDE18C86619004F386E /* Foundation.framework in Frameworks */ = {isa = PBXBuildFile; fileRef = 69C55CDD18C86619004F386E /* Foundation.framework */; };
		69C55CE018C86619004F386E /* CoreGraphics.framework in Frameworks */ = {isa = PBXBuildFile; fileRef = 69C55CDF18C86619004F386E /* CoreGraphics.framework */; };
		69C55CE218C86619004F386E /* UIKit.framework in Frameworks */ = {isa = PBXBuildFile; fileRef = 69C55CE118C86619004F386E /* UIKit.framework */; };
		69C55CE818C86619004F386E /* InfoPlist.strings in Resources */ = {isa = PBXBuildFile; fileRef = 69C55CE618C86619004F386E /* InfoPlist.strings */; };
		69C55CEA18C86619004F386E /* main.m in Sources */ = {isa = PBXBuildFile; fileRef = 69C55CE918C86619004F386E /* main.m */; };
		69C55CEE18C86619004F386E /* AppDelegate.m in Sources */ = {isa = PBXBuildFile; fileRef = 69C55CED18C86619004F386E /* AppDelegate.m */; };
		69C55CF118C86619004F386E /* Main.storyboard in Resources */ = {isa = PBXBuildFile; fileRef = 69C55CEF18C86619004F386E /* Main.storyboard */; };
		69C55CF418C86619004F386E /* ViewController.m in Sources */ = {isa = PBXBuildFile; fileRef = 69C55CF318C86619004F386E /* ViewController.m */; };
		69C55CF618C86619004F386E /* Images.xcassets in Resources */ = {isa = PBXBuildFile; fileRef = 69C55CF518C86619004F386E /* Images.xcassets */; };
		69C55CFD18C86619004F386E /* XCTest.framework in Frameworks */ = {isa = PBXBuildFile; fileRef = 69C55CFC18C86619004F386E /* XCTest.framework */; };
		69C55CFE18C86619004F386E /* Foundation.framework in Frameworks */ = {isa = PBXBuildFile; fileRef = 69C55CDD18C86619004F386E /* Foundation.framework */; };
		69C55CFF18C86619004F386E /* UIKit.framework in Frameworks */ = {isa = PBXBuildFile; fileRef = 69C55CE118C86619004F386E /* UIKit.framework */; };
		69C55D0718C86619004F386E /* InfoPlist.strings in Resources */ = {isa = PBXBuildFile; fileRef = 69C55D0518C86619004F386E /* InfoPlist.strings */; };
		69C55D0918C86619004F386E /* UiScrollViewTests.m in Sources */ = {isa = PBXBuildFile; fileRef = 69C55D0818C86619004F386E /* UiScrollViewTests.m */; };
		69C55D1418C8664E004F386E /* Mireia.jpg in Resources */ = {isa = PBXBuildFile; fileRef = 69C55D1318C8664E004F386E /* Mireia.jpg */; };
/* End PBXBuildFile section */

/* Begin PBXContainerItemProxy section */
		69C55D0018C86619004F386E /* PBXContainerItemProxy */ = {
			isa = PBXContainerItemProxy;
			containerPortal = 69C55CD218C86619004F386E /* Project object */;
			proxyType = 1;
			remoteGlobalIDString = 69C55CD918C86619004F386E;
			remoteInfo = UiScrollView;
		};
/* End PBXContainerItemProxy section */

/* Begin PBXFileReference section */
		69C55CDA18C86619004F386E /* UiScrollView.app */ = {isa = PBXFileReference; explicitFileType = wrapper.application; includeInIndex = 0; path = UiScrollView.app; sourceTree = BUILT_PRODUCTS_DIR; };
		69C55CDD18C86619004F386E /* Foundation.framework */ = {isa = PBXFileReference; lastKnownFileType = wrapper.framework; name = Foundation.framework; path = System/Library/Frameworks/Foundation.framework; sourceTree = SDKROOT; };
		69C55CDF18C86619004F386E /* CoreGraphics.framework */ = {isa = PBXFileReference; lastKnownFileType = wrapper.framework; name = CoreGraphics.framework; path = System/Library/Frameworks/CoreGraphics.framework; sourceTree = SDKROOT; };
		69C55CE118C86619004F386E /* UIKit.framework */ = {isa = PBXFileReference; lastKnownFileType = wrapper.framework; name = UIKit.framework; path = System/Library/Frameworks/UIKit.framework; sourceTree = SDKROOT; };
		69C55CE518C86619004F386E /* UiScrollView-Info.plist */ = {isa = PBXFileReference; lastKnownFileType = text.plist.xml; path = "UiScrollView-Info.plist"; sourceTree = "<group>"; };
		69C55CE718C86619004F386E /* en */ = {isa = PBXFileReference; lastKnownFileType = text.plist.strings; name = en; path = en.lproj/InfoPlist.strings; sourceTree = "<group>"; };
		69C55CE918C86619004F386E /* main.m */ = {isa = PBXFileReference; lastKnownFileType = sourcecode.c.objc; path = main.m; sourceTree = "<group>"; };
		69C55CEB18C86619004F386E /* UiScrollView-Prefix.pch */ = {isa = PBXFileReference; lastKnownFileType = sourcecode.c.h; path = "UiScrollView-Prefix.pch"; sourceTree = "<group>"; };
		69C55CEC18C86619004F386E /* AppDelegate.h */ = {isa = PBXFileReference; lastKnownFileType = sourcecode.c.h; path = AppDelegate.h; sourceTree = "<group>"; };
		69C55CED18C86619004F386E /* AppDelegate.m */ = {isa = PBXFileReference; lastKnownFileType = sourcecode.c.objc; path = AppDelegate.m; sourceTree = "<group>"; };
		69C55CF018C86619004F386E /* Base */ = {isa = PBXFileReference; lastKnownFileType = file.storyboard; name = Base; path = Base.lproj/Main.storyboard; sourceTree = "<group>"; };
		69C55CF218C86619004F386E /* ViewController.h */ = {isa = PBXFileReference; lastKnownFileType = sourcecode.c.h; path = ViewController.h; sourceTree = "<group>"; };
		69C55CF318C86619004F386E /* ViewController.m */ = {isa = PBXFileReference; lastKnownFileType = sourcecode.c.objc; path = ViewController.m; sourceTree = "<group>"; };
		69C55CF518C86619004F386E /* Images.xcassets */ = {isa = PBXFileReference; lastKnownFileType = folder.assetcatalog; path = Images.xcassets; sourceTree = "<group>"; };
		69C55CFB18C86619004F386E /* UiScrollViewTests.xctest */ = {isa = PBXFileReference; explicitFileType = wrapper.cfbundle; includeInIndex = 0; path = UiScrollViewTests.xctest; sourceTree = BUILT_PRODUCTS_DIR; };
		69C55CFC18C86619004F386E /* XCTest.framework */ = {isa = PBXFileReference; lastKnownFileType = wrapper.framework; name = XCTest.framework; path = Library/Frameworks/XCTest.framework; sourceTree = DEVELOPER_DIR; };
		69C55D0418C86619004F386E /* UiScrollViewTests-Info.plist */ = {isa = PBXFileReference; lastKnownFileType = text.plist.xml; path = "UiScrollViewTests-Info.plist"; sourceTree = "<group>"; };
		69C55D0618C86619004F386E /* en */ = {isa = PBXFileReference; lastKnownFileType = text.plist.strings; name = en; path = en.lproj/InfoPlist.strings; sourceTree = "<group>"; };
		69C55D0818C86619004F386E /* UiScrollViewTests.m */ = {isa = PBXFileReference; lastKnownFileType = sourcecode.c.objc; path = UiScrollViewTests.m; sourceTree = "<group>"; };
		69C55D1318C8664E004F386E /* Mireia.jpg */ = {isa = PBXFileReference; lastKnownFileType = image.jpeg; path = Mireia.jpg; sourceTree = "<group>"; };
/* End PBXFileReference section */

/* Begin PBXFrameworksBuildPhase section */
		69C55CD718C86619004F386E /* Frameworks */ = {
			isa = PBXFrameworksBuildPhase;
			buildActionMask = 2147483647;
			files = (
				69C55CE018C86619004F386E /* CoreGraphics.framework in Frameworks */,
				69C55CE218C86619004F386E /* UIKit.framework in Frameworks */,
				69C55CDE18C86619004F386E /* Foundation.framework in Frameworks */,
			);
			runOnlyForDeploymentPostprocessing = 0;
		};
		69C55CF818C86619004F386E /* Frameworks */ = {
			isa = PBXFrameworksBuildPhase;
			buildActionMask = 2147483647;
			files = (
				69C55CFD18C86619004F386E /* XCTest.framework in Frameworks */,
				69C55CFF18C86619004F386E /* UIKit.framework in Frameworks */,
				69C55CFE18C86619004F386E /* Foundation.framework in Frameworks */,
			);
			runOnlyForDeploymentPostprocessing = 0;
		};
/* End PBXFrameworksBuildPhase section */

/* Begin PBXGroup section */
		69C55CD118C86619004F386E = {
			isa = PBXGroup;
			children = (
				69C55D1218C8664E004F386E /* imagenes */,
				69C55CE318C86619004F386E /* UiScrollView */,
				69C55D0218C86619004F386E /* UiScrollViewTests */,
				69C55CDC18C86619004F386E /* Frameworks */,
				69C55CDB18C86619004F386E /* Products */,
			);
			sourceTree = "<group>";
		};
		69C55CDB18C86619004F386E /* Products */ = {
			isa = PBXGroup;
			children = (
				69C55CDA18C86619004F386E /* UiScrollView.app */,
				69C55CFB18C86619004F386E /* UiScrollViewTests.xctest */,
			);
			name = Products;
			sourceTree = "<group>";
		};
		69C55CDC18C86619004F386E /* Frameworks */ = {
			isa = PBXGroup;
			children = (
				69C55CDD18C86619004F386E /* Foundation.framework */,
				69C55CDF18C86619004F386E /* CoreGraphics.framework */,
				69C55CE118C86619004F386E /* UIKit.framework */,
				69C55CFC18C86619004F386E /* XCTest.framework */,
			);
			name = Frameworks;
			sourceTree = "<group>";
		};
		69C55CE318C86619004F386E /* UiScrollView */ = {
			isa = PBXGroup;
			children = (
				69C55CEF18C86619004F386E /* Main.storyboard */,
				69C55CF218C86619004F386E /* ViewController.h */,
				69C55CF318C86619004F386E /* ViewController.m */,
				69C55CF518C86619004F386E /* Images.xcassets */,
				69C55CE418C86619004F386E /* Supporting Files */,
			);
			path = UiScrollView;
			sourceTree = "<group>";
		};
		69C55CE418C86619004F386E /* Supporting Files */ = {
			isa = PBXGroup;
			children = (
				69C55CEC18C86619004F386E /* AppDelegate.h */,
				69C55CED18C86619004F386E /* AppDelegate.m */,
				69C55CE518C86619004F386E /* UiScrollView-Info.plist */,
				69C55CE618C86619004F386E /* InfoPlist.strings */,
				69C55CE918C86619004F386E /* main.m */,
				69C55CEB18C86619004F386E /* UiScrollView-Prefix.pch */,
			);
			name = "Supporting Files";
			sourceTree = "<group>";
		};
		69C55D0218C86619004F386E /* UiScrollViewTests */ = {
			isa = PBXGroup;
			children = (
				69C55D0818C86619004F386E /* UiScrollViewTests.m */,
				69C55D0318C86619004F386E /* Supporting Files */,
			);
			path = UiScrollViewTests;
			sourceTree = "<group>";
		};
		69C55D0318C86619004F386E /* Supporting Files */ = {
			isa = PBXGroup;
			children = (
				69C55D0418C86619004F386E /* UiScrollViewTests-Info.plist */,
				69C55D0518C86619004F386E /* InfoPlist.strings */,
			);
			name = "Supporting Files";
			sourceTree = "<group>";
		};
		69C55D1218C8664E004F386E /* imagenes */ = {
			isa = PBXGroup;
			children = (
				69C55D1318C8664E004F386E /* Mireia.jpg */,
			);
			name = imagenes;
			path = UiScrollView/imagenes;
			sourceTree = "<group>";
		};
/* End PBXGroup section */

/* Begin PBXNativeTarget section */
		69C55CD918C86619004F386E /* UiScrollView */ = {
			isa = PBXNativeTarget;
			buildConfigurationList = 69C55D0C18C86619004F386E /* Build configuration list for PBXNativeTarget "UiScrollView" */;
			buildPhases = (
				69C55CD618C86619004F386E /* Sources */,
				69C55CD718C86619004F386E /* Frameworks */,
				69C55CD818C86619004F386E /* Resources */,
			);
			buildRules = (
			);
			dependencies = (
			);
			name = UiScrollView;
			productName = UiScrollView;
			productReference = 69C55CDA18C86619004F386E /* UiScrollView.app */;
			productType = "com.apple.product-type.application";
		};
		69C55CFA18C86619004F386E /* UiScrollViewTests */ = {
			isa = PBXNativeTarget;
			buildConfigurationList = 69C55D0F18C86619004F386E /* Build configuration list for PBXNativeTarget "UiScrollViewTests" */;
			buildPhases = (
				69C55CF718C86619004F386E /* Sources */,
				69C55CF818C86619004F386E /* Frameworks */,
				69C55CF918C86619004F386E /* Resources */,
			);
			buildRules = (
			);
			dependencies = (
				69C55D0118C86619004F386E /* PBXTargetDependency */,
			);
			name = UiScrollViewTests;
			productName = UiScrollViewTests;
			productReference = 69C55CFB18C86619004F386E /* UiScrollViewTests.xctest */;
			productType = "com.apple.product-type.bundle.unit-test";
		};
/* End PBXNativeTarget section */

/* Begin PBXProject section */
		69C55CD218C86619004F386E /* Project object */ = {
			isa = PBXProject;
			attributes = {
				LastUpgradeCheck = 0500;
				ORGANIZATIONNAME = javi;
				TargetAttributes = {
					69C55CFA18C86619004F386E = {
						TestTargetID = 69C55CD918C86619004F386E;
					};
				};
			};
			buildConfigurationList = 69C55CD518C86619004F386E /* Build configuration list for PBXProject "UiScrollView" */;
			compatibilityVersion = "Xcode 3.2";
			developmentRegion = English;
			hasScannedForEncodings = 0;
			knownRegions = (
				en,
				Base,
			);
			mainGroup = 69C55CD118C86619004F386E;
			productRefGroup = 69C55CDB18C86619004F386E /* Products */;
			projectDirPath = "";
			projectRoot = "";
			targets = (
				69C55CD918C86619004F386E /* UiScrollView */,
				69C55CFA18C86619004F386E /* UiScrollViewTests */,
			);
		};
/* End PBXProject section */

/* Begin PBXResourcesBuildPhase section */
		69C55CD818C86619004F386E /* Resources */ = {
			isa = PBXResourcesBuildPhase;
			buildActionMask = 2147483647;
			files = (
				69C55D1418C8664E004F386E /* Mireia.jpg in Resources */,
				69C55CF618C86619004F386E /* Images.xcassets in Resources */,
				69C55CE818C86619004F386E /* InfoPlist.strings in Resources */,
				69C55CF118C86619004F386E /* Main.storyboard in Resources */,
			);
			runOnlyForDeploymentPostprocessing = 0;
		};
		69C55CF918C86619004F386E /* Resources */ = {
			isa = PBXResourcesBuildPhase;
			buildActionMask = 2147483647;
			files = (
				69C55D0718C86619004F386E /* InfoPlist.strings in Resources */,
			);
			runOnlyForDeploymentPostprocessing = 0;
		};
/* End PBXResourcesBuildPhase section */

/* Begin PBXSourcesBuildPhase section */
		69C55CD618C86619004F386E /* Sources */ = {
			isa = PBXSourcesBuildPhase;
			buildActionMask = 2147483647;
			files = (
				69C55CF418C86619004F386E /* ViewController.m in Sources */,
				69C55CEE18C86619004F386E /* AppDelegate.m in Sources */,
				69C55CEA18C86619004F386E /* main.m in Sources */,
			);
			runOnlyForDeploymentPostprocessing = 0;
		};
		69C55CF718C86619004F386E /* Sources */ = {
			isa = PBXSourcesBuildPhase;
			buildActionMask = 2147483647;
			files = (
				69C55D0918C86619004F386E /* UiScrollViewTests.m in Sources */,
			);
			runOnlyForDeploymentPostprocessing = 0;
		};
/* End PBXSourcesBuildPhase section */

/* Begin PBXTargetDependency section */
		69C55D0118C86619004F386E /* PBXTargetDependency */ = {
			isa = PBXTargetDependency;
			target = 69C55CD918C86619004F386E /* UiScrollView */;
			targetProxy = 69C55D0018C86619004F386E /* PBXContainerItemProxy */;
		};
/* End PBXTargetDependency section */

/* Begin PBXVariantGroup section */
		69C55CE618C86619004F386E /* InfoPlist.strings */ = {
			isa = PBXVariantGroup;
			children = (
				69C55CE718C86619004F386E /* en */,
			);
			name = InfoPlist.strings;
			sourceTree = "<group>";
		};
		69C55CEF18C86619004F386E /* Main.storyboard */ = {
			isa = PBXVariantGroup;
			children = (
				69C55CF018C86619004F386E /* Base */,
			);
			name = Main.storyboard;
			sourceTree = "<group>";
		};
		69C55D0518C86619004F386E /* InfoPlist.strings */ = {
			isa = PBXVariantGroup;
			children = (
				69C55D0618C86619004F386E /* en */,
			);
			name = InfoPlist.strings;
			sourceTree = "<group>";
		};
/* End PBXVariantGroup section */

/* Begin XCBuildConfiguration section */
		69C55D0A18C86619004F386E /* Debug */ = {
			isa = XCBuildConfiguration;
			buildSettings = {
				ALWAYS_SEARCH_USER_PATHS = NO;
				ARCHS = "$(ARCHS_STANDARD_INCLUDING_64_BIT)";
				CLANG_CXX_LANGUAGE_STANDARD = "gnu++0x";
				CLANG_CXX_LIBRARY = "libc++";
				CLANG_ENABLE_MODULES = YES;
				CLANG_ENABLE_OBJC_ARC = YES;
				CLANG_WARN_BOOL_CONVERSION = YES;
				CLANG_WARN_CONSTANT_CONVERSION = YES;
				CLANG_WARN_DIRECT_OBJC_ISA_USAGE = YES_ERROR;
				CLANG_WARN_EMPTY_BODY = YES;
				CLANG_WARN_ENUM_CONVERSION = YES;
				CLANG_WARN_INT_CONVERSION = YES;
				CLANG_WARN_OBJC_ROOT_CLASS = YES_ERROR;
				CLANG_WARN__DUPLICATE_METHOD_MATCH = YES;
				"CODE_SIGN_IDENTITY[sdk=iphoneos*]" = "iPhone Developer";
				COPY_PHASE_STRIP = NO;
				GCC_C_LANGUAGE_STANDARD = gnu99;
				GCC_DYNAMIC_NO_PIC = NO;
				GCC_OPTIMIZATION_LEVEL = 0;
				GCC_PREPROCESSOR_DEFINITIONS = (
					"DEBUG=1",
					"$(inherited)",
				);
				GCC_SYMBOLS_PRIVATE_EXTERN = NO;
				GCC_WARN_64_TO_32_BIT_CONVERSION = YES;
				GCC_WARN_ABOUT_RETURN_TYPE = YES_ERROR;
				GCC_WARN_UNDECLARED_SELECTOR = YES;
				GCC_WARN_UNINITIALIZED_AUTOS = YES;
				GCC_WARN_UNUSED_FUNCTION = YES;
				GCC_WARN_UNUSED_VARIABLE = YES;
				IPHONEOS_DEPLOYMENT_TARGET = 7.0;
				ONLY_ACTIVE_ARCH = YES;
				SDKROOT = iphoneos;
			};
			name = Debug;
		};
		69C55D0B18C86619004F386E /* Release */ = {
			isa = XCBuildConfiguration;
			buildSettings = {
				ALWAYS_SEARCH_USER_PATHS = NO;
				ARCHS = "$(ARCHS_STANDARD_INCLUDING_64_BIT)";
				CLANG_CXX_LANGUAGE_STANDARD = "gnu++0x";
				CLANG_CXX_LIBRARY = "libc++";
				CLANG_ENABLE_MODULES = YES;
				CLANG_ENABLE_OBJC_ARC = YES;
				CLANG_WARN_BOOL_CONVERSION = YES;
				CLANG_WARN_CONSTANT_CONVERSION = YES;
				CLANG_WARN_DIRECT_OBJC_ISA_USAGE = YES_ERROR;
				CLANG_WARN_EMPTY_BODY = YES;
				CLANG_WARN_ENUM_CONVERSION = YES;
				CLANG_WARN_INT_CONVERSION = YES;
				CLANG_WARN_OBJC_ROOT_CLASS = YES_ERROR;
				CLANG_WARN__DUPLICATE_METHOD_MATCH = YES;
				"CODE_SIGN_IDENTITY[sdk=iphoneos*]" = "iPhone Developer";
				COPY_PHASE_STRIP = YES;
				ENABLE_NS_ASSERTIONS = NO;
				GCC_C_LANGUAGE_STANDARD = gnu99;
				GCC_WARN_64_TO_32_BIT_CONVERSION = YES;
				GCC_WARN_ABOUT_RETURN_TYPE = YES_ERROR;
				GCC_WARN_UNDECLARED_SELECTOR = YES;
				GCC_WARN_UNINITIALIZED_AUTOS = YES;
				GCC_WARN_UNUSED_FUNCTION = YES;
				GCC_WARN_UNUSED_VARIABLE = YES;
				IPHONEOS_DEPLOYMENT_TARGET = 7.0;
				SDKROOT = iphoneos;
				VALIDATE_PRODUCT = YES;
			};
			name = Release;
		};
		69C55D0D18C86619004F386E /* Debug */ = {
			isa = XCBuildConfiguration;
			buildSettings = {
				ASSETCATALOG_COMPILER_APPICON_NAME = AppIcon;
				ASSETCATALOG_COMPILER_LAUNCHIMAGE_NAME = LaunchImage;
				GCC_PRECOMPILE_PREFIX_HEADER = YES;
				GCC_PREFIX_HEADER = "UiScrollView/UiScrollView-Prefix.pch";
				INFOPLIST_FILE = "UiScrollView/UiScrollView-Info.plist";
				PRODUCT_NAME = "$(TARGET_NAME)";
				WRAPPER_EXTENSION = app;
			};
			name = Debug;
		};
		69C55D0E18C86619004F386E /* Release */ = {
			isa = XCBuildConfiguration;
			buildSettings = {
				ASSETCATALOG_COMPILER_APPICON_NAME = AppIcon;
				ASSETCATALOG_COMPILER_LAUNCHIMAGE_NAME = LaunchImage;
				GCC_PRECOMPILE_PREFIX_HEADER = YES;
				GCC_PREFIX_HEADER = "UiScrollView/UiScrollView-Prefix.pch";
				INFOPLIST_FILE = "UiScrollView/UiScrollView-Info.plist";
				PRODUCT_NAME = "$(TARGET_NAME)";
				WRAPPER_EXTENSION = app;
			};
			name = Release;
		};
		69C55D1018C86619004F386E /* Debug */ = {
			isa = XCBuildConfiguration;
			buildSettings = {
				ARCHS = "$(ARCHS_STANDARD_INCLUDING_64_BIT)";
				BUNDLE_LOADER = "$(BUILT_PRODUCTS_DIR)/UiScrollView.app/UiScrollView";
				FRAMEWORK_SEARCH_PATHS = (
					"$(SDKROOT)/Developer/Library/Frameworks",
					"$(inherited)",
					"$(DEVELOPER_FRAMEWORKS_DIR)",
				);
				GCC_PRECOMPILE_PREFIX_HEADER = YES;
				GCC_PREFIX_HEADER = "UiScrollView/UiScrollView-Prefix.pch";
				GCC_PREPROCESSOR_DEFINITIONS = (
					"DEBUG=1",
					"$(inherited)",
				);
				INFOPLIST_FILE = "UiScrollViewTests/UiScrollViewTests-Info.plist";
				PRODUCT_NAME = "$(TARGET_NAME)";
				TEST_HOST = "$(BUNDLE_LOADER)";
				WRAPPER_EXTENSION = xctest;
			};
			name = Debug;
		};
		69C55D1118C86619004F386E /* Release */ = {
			isa = XCBuildConfiguration;
			buildSettings = {
				ARCHS = "$(ARCHS_STANDARD_INCLUDING_64_BIT)";
				BUNDLE_LOADER = "$(BUILT_PRODUCTS_DIR)/UiScrollView.app/UiScrollView";
				FRAMEWORK_SEARCH_PATHS = (
					"$(SDKROOT)/Developer/Library/Frameworks",
					"$(inherited)",
					"$(DEVELOPER_FRAMEWORKS_DIR)",
				);
				GCC_PRECOMPILE_PREFIX_HEADER = YES;
				GCC_PREFIX_HEADER = "UiScrollView/UiScrollView-Prefix.pch";
				INFOPLIST_FILE = "UiScrollViewTests/UiScrollViewTests-Info.plist";
				PRODUCT_NAME = "$(TARGET_NAME)";
				TEST_HOST = "$(BUNDLE_LOADER)";
				WRAPPER_EXTENSION = xctest;
			};
			name = Release;
		};
/* End XCBuildConfiguration section */

/* Begin XCConfigurationList section */
		69C55CD518C86619004F386E /* Build configuration list for PBXProject "UiScrollView" */ = {
			isa = XCConfigurationList;
			buildConfigurations = (
				69C55D0A18C86619004F386E /* Debug */,
				69C55D0B18C86619004F386E /* Release */,
			);
			defaultConfigurationIsVisible = 0;
			defaultConfigurationName = Release;
		};
		69C55D0C18C86619004F386E /* Build configuration list for PBXNativeTarget "UiScrollView" */ = {
			isa = XCConfigurationList;
			buildConfigurations = (
				69C55D0D18C86619004F386E /* Debug */,
				69C55D0E18C86619004F386E /* Release */,
			);
			defaultConfigurationIsVisible = 0;
		};
		69C55D0F18C86619004F386E /* Build configuration list for PBXNativeTarget "UiScrollViewTests" */ = {
			isa = XCConfigurationList;
			buildConfigurations = (
				69C55D1018C86619004F386E /* Debug */,
				69C55D1118C86619004F386E /* Release */,
			);
			defaultConfigurationIsVisible = 0;
		};
/* End XCConfigurationList section */
	};
	rootObject = 69C55CD218C86619004F386E /* Project object */;
}
